// !$*UTF8*$!
{
	archiveVersion = 1;
	classes = {
	};
	objectVersion = 42;
	objects = {

/* Begin PBXBuildFile section */
		6806287A0FC136C9006C372E /* data in Resources */ = {isa = PBXBuildFile; fileRef = 68061C9B0FC136AB006C372E /* data */; };
		684E6D680FEE34E600941536 /* docs in Resources */ = {isa = PBXBuildFile; fileRef = 684E6D340FEE34E600941536 /* docs */; };
		685701AF1001D79200F9C649 /* core.c in Sources */ = {isa = PBXBuildFile; fileRef = 689F332A0E6193B000E37E9F /* core.c */; };
		685701B01001D79200F9C649 /* glmodule.c in Sources */ = {isa = PBXBuildFile; fileRef = 689F332B0E6193B000E37E9F /* glmodule.c */; };
		685701B11001D79200F9C649 /* main.c in Sources */ = {isa = PBXBuildFile; fileRef = 689F332D0E6193B000E37E9F /* main.c */; };
		685702011001D7EF00F9C649 /* Cocoa.framework in Frameworks */ = {isa = PBXBuildFile; fileRef = 1058C7A1FEA54F0111CA2CBB /* Cocoa.framework */; };
		685702021001D7EF00F9C649 /* Python.framework in Frameworks */ = {isa = PBXBuildFile; fileRef = 689F33E50E61999C00E37E9F /* Python.framework */; };
		685702031001D7EF00F9C649 /* OpenGL.framework in Frameworks */ = {isa = PBXBuildFile; fileRef = 689F33E70E6199B000E37E9F /* OpenGL.framework */; };
		685702041001D7EF00F9C649 /* GLUT.framework in Frameworks */ = {isa = PBXBuildFile; fileRef = 689F33E90E6199BD00E37E9F /* GLUT.framework */; };
		685702051001D7EF00F9C649 /* SDL.framework in Frameworks */ = {isa = PBXBuildFile; fileRef = 6894C4E10FA188D000A52097 /* SDL.framework */; };
		685702061001D7EF00F9C649 /* SDL_image.framework in Frameworks */ = {isa = PBXBuildFile; fileRef = 686E5B9D0FA19EA3005B137C /* SDL_image.framework */; };
		685702111001D8C300F9C649 /* NSFont_OpenGL.m in Sources */ = {isa = PBXBuildFile; fileRef = 68EA2BAD0FC836DB0052A87E /* NSFont_OpenGL.m */; };
		6857022C10031DE300F9C649 /* core.c in Sources */ = {isa = PBXBuildFile; fileRef = 689F332A0E6193B000E37E9F /* core.c */; };
		6857022D10031DE300F9C649 /* glmodule.c in Sources */ = {isa = PBXBuildFile; fileRef = 689F332B0E6193B000E37E9F /* glmodule.c */; };
		6857022E10031DE300F9C649 /* main.c in Sources */ = {isa = PBXBuildFile; fileRef = 689F332D0E6193B000E37E9F /* main.c */; };
		6857022F10031DE300F9C649 /* NSFont_OpenGL.m in Sources */ = {isa = PBXBuildFile; fileRef = 68EA2BAD0FC836DB0052A87E /* NSFont_OpenGL.m */; };
		6857023010031E0400F9C649 /* Cocoa.framework in Frameworks */ = {isa = PBXBuildFile; fileRef = 1058C7A1FEA54F0111CA2CBB /* Cocoa.framework */; };
		6857023110031E1C00F9C649 /* GLUT.framework in Frameworks */ = {isa = PBXBuildFile; fileRef = 689F33E90E6199BD00E37E9F /* GLUT.framework */; };
		6857023210031E1C00F9C649 /* OpenGL.framework in Frameworks */ = {isa = PBXBuildFile; fileRef = 689F33E70E6199B000E37E9F /* OpenGL.framework */; };
		6857023310031E1C00F9C649 /* Python.framework in Frameworks */ = {isa = PBXBuildFile; fileRef = 689F33E50E61999C00E37E9F /* Python.framework */; };
		6857023410031E1C00F9C649 /* SDL.framework in Copy Frameworks */ = {isa = PBXBuildFile; fileRef = 6894C4E10FA188D000A52097 /* SDL.framework */; };
		6857023510031E1C00F9C649 /* SDL_image.framework in Copy Frameworks */ = {isa = PBXBuildFile; fileRef = 686E5B9D0FA19EA3005B137C /* SDL_image.framework */; };
		68570267100320B500F9C649 /* SDL.framework in Frameworks */ = {isa = PBXBuildFile; fileRef = 6894C4E10FA188D000A52097 /* SDL.framework */; };
		68570268100320B500F9C649 /* SDL_image.framework in Frameworks */ = {isa = PBXBuildFile; fileRef = 686E5B9D0FA19EA3005B137C /* SDL_image.framework */; };
		68570292100322C400F9C649 /* glmodule.h in Headers */ = {isa = PBXBuildFile; fileRef = 685701301000EE8000F9C649 /* glmodule.h */; };
		68570293100322CB00F9C649 /* core.h in Headers */ = {isa = PBXBuildFile; fileRef = 6857012F1000EE8000F9C649 /* core.h */; };
		686E5B9E0FA19EA3005B137C /* SDL_image.framework in Frameworks */ = {isa = PBXBuildFile; fileRef = 686E5B9D0FA19EA3005B137C /* SDL_image.framework */; };
		686E5D820FA1AC91005B137C /* SDL_image.framework in CopyFiles */ = {isa = PBXBuildFile; fileRef = 686E5B9D0FA19EA3005B137C /* SDL_image.framework */; };
		686FD6FD0FC06DA4006C12DA /* main.py in Resources */ = {isa = PBXBuildFile; fileRef = 686FD6FC0FC06DA4006C12DA /* main.py */; };
		687236BB0FF7F8BB0048ED40 /* OSXTools.cpp in Sources */ = {isa = PBXBuildFile; fileRef = 687236BA0FF7F8BB0048ED40 /* OSXTools.cpp */; };
		6894C4E20FA188D000A52097 /* SDL.framework in Frameworks */ = {isa = PBXBuildFile; fileRef = 6894C4E10FA188D000A52097 /* SDL.framework */; };
		6894C50E0FA1893900A52097 /* SDL.framework in CopyFiles */ = {isa = PBXBuildFile; fileRef = 6894C4E10FA188D000A52097 /* SDL.framework */; };
		689F331E0E6192CB00E37E9F /* InfoPlist.strings in Resources */ = {isa = PBXBuildFile; fileRef = 689F33190E6192CB00E37E9F /* InfoPlist.strings */; };
		689F331F0E6192CB00E37E9F /* MainMenu.nib in Resources */ = {isa = PBXBuildFile; fileRef = 689F331B0E6192CB00E37E9F /* MainMenu.nib */; };
		689F332E0E6193B000E37E9F /* core.c in Sources */ = {isa = PBXBuildFile; fileRef = 689F332A0E6193B000E37E9F /* core.c */; };
		689F332F0E6193B100E37E9F /* glmodule.c in Sources */ = {isa = PBXBuildFile; fileRef = 689F332B0E6193B000E37E9F /* glmodule.c */; };
		689F33310E6193B100E37E9F /* main.c in Sources */ = {isa = PBXBuildFile; fileRef = 689F332D0E6193B000E37E9F /* main.c */; };
		689F33E60E61999C00E37E9F /* Python.framework in Frameworks */ = {isa = PBXBuildFile; fileRef = 689F33E50E61999C00E37E9F /* Python.framework */; };
		689F33E80E6199B000E37E9F /* OpenGL.framework in Frameworks */ = {isa = PBXBuildFile; fileRef = 689F33E70E6199B000E37E9F /* OpenGL.framework */; };
		689F33EA0E6199BD00E37E9F /* GLUT.framework in Frameworks */ = {isa = PBXBuildFile; fileRef = 689F33E90E6199BD00E37E9F /* GLUT.framework */; };
		68C80B0B0FE3E41E0090D1E5 /* utils in Resources */ = {isa = PBXBuildFile; fileRef = 68C80AE10FE3E41D0090D1E5 /* utils */; };
		68D8631D0FA5D1810097F73F /* SDLMain.m in Sources */ = {isa = PBXBuildFile; fileRef = 68D8631C0FA5D1810097F73F /* SDLMain.m */; };
		68EA2BAE0FC836DB0052A87E /* NSFont_OpenGL.m in Sources */ = {isa = PBXBuildFile; fileRef = 68EA2BAD0FC836DB0052A87E /* NSFont_OpenGL.m */; };
		68F6D3F80E640E6A00D27961 /* AppIcon.icns in Resources */ = {isa = PBXBuildFile; fileRef = 68F6D3F60E640E6A00D27961 /* AppIcon.icns */; };
		8D11072F0486CEB800E47090 /* Cocoa.framework in Frameworks */ = {isa = PBXBuildFile; fileRef = 1058C7A1FEA54F0111CA2CBB /* Cocoa.framework */; };
/* End PBXBuildFile section */

/* Begin PBXCopyFilesBuildPhase section */
		6857024B10031F4400F9C649 /* Copy Frameworks */ = {
			isa = PBXCopyFilesBuildPhase;
			buildActionMask = 2147483647;
			dstPath = "";
			dstSubfolderSpec = 10;
			files = (
				6857023410031E1C00F9C649 /* SDL.framework in Copy Frameworks */,
				6857023510031E1C00F9C649 /* SDL_image.framework in Copy Frameworks */,
			);
			name = "Copy Frameworks";
			runOnlyForDeploymentPostprocessing = 0;
		};
		6894C51A0FA1895B00A52097 /* CopyFiles */ = {
			isa = PBXCopyFilesBuildPhase;
			buildActionMask = 2147483647;
			dstPath = "";
			dstSubfolderSpec = 10;
			files = (
				686E5D820FA1AC91005B137C /* SDL_image.framework in CopyFiles */,
				6894C50E0FA1893900A52097 /* SDL.framework in CopyFiles */,
			);
			runOnlyForDeploymentPostprocessing = 0;
		};
/* End PBXCopyFilesBuildPhase section */

/* Begin PBXFileReference section */
		1058C7A1FEA54F0111CA2CBB /* Cocoa.framework */ = {isa = PBXFileReference; lastKnownFileType = wrapper.framework; name = Cocoa.framework; path = /System/Library/Frameworks/Cocoa.framework; sourceTree = "<absolute>"; };
		13E42FB307B3F0F600E4EEF1 /* CoreData.framework */ = {isa = PBXFileReference; lastKnownFileType = wrapper.framework; name = CoreData.framework; path = /System/Library/Frameworks/CoreData.framework; sourceTree = "<absolute>"; };
		29B97324FDCFA39411CA2CEA /* AppKit.framework */ = {isa = PBXFileReference; lastKnownFileType = wrapper.framework; name = AppKit.framework; path = /System/Library/Frameworks/AppKit.framework; sourceTree = "<absolute>"; };
		29B97325FDCFA39411CA2CEA /* Foundation.framework */ = {isa = PBXFileReference; lastKnownFileType = wrapper.framework; name = Foundation.framework; path = /System/Library/Frameworks/Foundation.framework; sourceTree = "<absolute>"; };
		68061C9B0FC136AB006C372E /* data */ = {isa = PBXFileReference; lastKnownFileType = folder; name = data; path = ../data; sourceTree = SOURCE_ROOT; };
		684E6D340FEE34E600941536 /* docs */ = {isa = PBXFileReference; lastKnownFileType = folder; name = docs; path = ../docs; sourceTree = SOURCE_ROOT; };
		6857012F1000EE8000F9C649 /* core.h */ = {isa = PBXFileReference; fileEncoding = 4; lastKnownFileType = sourcecode.c.h; name = core.h; path = ../include/core.h; sourceTree = SOURCE_ROOT; };
		685701301000EE8000F9C649 /* glmodule.h */ = {isa = PBXFileReference; fileEncoding = 4; lastKnownFileType = sourcecode.c.h; name = glmodule.h; path = ../include/glmodule.h; sourceTree = SOURCE_ROOT; };
		685701AC1001D77F00F9C649 /* libMakeHumanDLib.dylib */ = {isa = PBXFileReference; explicitFileType = "compiled.mach-o.dylib"; includeInIndex = 0; path = libMakeHumanDLib.dylib; sourceTree = BUILT_PRODUCTS_DIR; };
		6857022710031DA200F9C649 /* MakeHuman.framework */ = {isa = PBXFileReference; explicitFileType = wrapper.framework; includeInIndex = 0; path = MakeHuman.framework; sourceTree = BUILT_PRODUCTS_DIR; };
		6857022810031DA200F9C649 /* MakeHumanFramework-Info.plist */ = {isa = PBXFileReference; lastKnownFileType = text.plist.xml; path = "MakeHumanFramework-Info.plist"; sourceTree = "<group>"; };
		685D0DED0FA1E13E0065AFB5 /* MakeHuman_Prefix.pch */ = {isa = PBXFileReference; fileEncoding = 4; lastKnownFileType = sourcecode.c.h; name = MakeHuman_Prefix.pch; path = include/MakeHuman_Prefix.pch; sourceTree = "<group>"; };
		686944D10FCB25F1005B01DC /* mh_core */ = {isa = PBXFileReference; lastKnownFileType = folder; name = mh_core; path = ../mh_core; sourceTree = SOURCE_ROOT; };
		686E5B9D0FA19EA3005B137C /* SDL_image.framework */ = {isa = PBXFileReference; lastKnownFileType = wrapper.framework; name = SDL_image.framework; path = frameworks/SDL_image.framework; sourceTree = "<group>"; };
		686E5D340FA1AB4B005B137C /* pythonwrapper */ = {isa = PBXFileReference; lastKnownFileType = folder; name = pythonwrapper; path = include/pythonwrapper; sourceTree = "<group>"; };
		686E5D380FA1AB5F005B137C /* sdlwrapper */ = {isa = PBXFileReference; lastKnownFileType = folder; name = sdlwrapper; path = include/sdlwrapper; sourceTree = "<group>"; };
		686FD6FC0FC06DA4006C12DA /* main.py */ = {isa = PBXFileReference; fileEncoding = 4; lastKnownFileType = text.script.python; name = main.py; path = ../main.py; sourceTree = SOURCE_ROOT; };
		687236BA0FF7F8BB0048ED40 /* OSXTools.cpp */ = {isa = PBXFileReference; fileEncoding = 4; lastKnownFileType = sourcecode.cpp.cpp; name = OSXTools.cpp; path = src/OSXTools.cpp; sourceTree = "<group>"; };
		687236BC0FF7F8D30048ED40 /* OSXTools.h */ = {isa = PBXFileReference; fileEncoding = 4; lastKnownFileType = sourcecode.c.h; name = OSXTools.h; path = include/OSXTools.h; sourceTree = "<group>"; };
		6894C4E10FA188D000A52097 /* SDL.framework */ = {isa = PBXFileReference; lastKnownFileType = wrapper.framework; name = SDL.framework; path = frameworks/SDL.framework; sourceTree = "<group>"; };
		689F331A0E6192CB00E37E9F /* English */ = {isa = PBXFileReference; fileEncoding = 10; lastKnownFileType = text.plist.strings; name = English; path = InfoPlist.strings; sourceTree = "<group>"; };
		689F331C0E6192CB00E37E9F /* English */ = {isa = PBXFileReference; lastKnownFileType = wrapper.nib; name = English; path = MainMenu.nib; sourceTree = "<group>"; };
		689F331D0E6192CB00E37E9F /* Info.plist */ = {isa = PBXFileReference; fileEncoding = 30; lastKnownFileType = text.plist.xml; name = Info.plist; path = resources/Info.plist; sourceTree = "<group>"; };
		689F332A0E6193B000E37E9F /* core.c */ = {isa = PBXFileReference; fileEncoding = 30; lastKnownFileType = sourcecode.c.c; name = core.c; path = ../src/core.c; sourceTree = "<group>"; };
		689F332B0E6193B000E37E9F /* glmodule.c */ = {isa = PBXFileReference; fileEncoding = 30; lastKnownFileType = sourcecode.c.c; name = glmodule.c; path = ../src/glmodule.c; sourceTree = "<group>"; };
		689F332D0E6193B000E37E9F /* main.c */ = {isa = PBXFileReference; fileEncoding = 30; lastKnownFileType = sourcecode.c.c; name = main.c; path = ../src/main.c; sourceTree = "<group>"; };
		689F33E50E61999C00E37E9F /* Python.framework */ = {isa = PBXFileReference; lastKnownFileType = wrapper.framework; name = Python.framework; path = /System/Library/Frameworks/Python.framework; sourceTree = "<absolute>"; };
		689F33E70E6199B000E37E9F /* OpenGL.framework */ = {isa = PBXFileReference; lastKnownFileType = wrapper.framework; name = OpenGL.framework; path = /System/Library/Frameworks/OpenGL.framework; sourceTree = "<absolute>"; };
		689F33E90E6199BD00E37E9F /* GLUT.framework */ = {isa = PBXFileReference; lastKnownFileType = wrapper.framework; name = GLUT.framework; path = /System/Library/Frameworks/GLUT.framework; sourceTree = "<absolute>"; };
		68C80AE10FE3E41D0090D1E5 /* utils */ = {isa = PBXFileReference; lastKnownFileType = folder; name = utils; path = ../utils; sourceTree = SOURCE_ROOT; };
		68D8631C0FA5D1810097F73F /* SDLMain.m */ = {isa = PBXFileReference; fileEncoding = 4; lastKnownFileType = sourcecode.c.objc; name = SDLMain.m; path = src/SDLMain.m; sourceTree = "<group>"; };
		68D8631E0FA5D1880097F73F /* SDLMain.h */ = {isa = PBXFileReference; fileEncoding = 4; lastKnownFileType = sourcecode.c.h; name = SDLMain.h; path = include/SDLMain.h; sourceTree = "<group>"; };
		68DFFDA40FC1F059009CA434 /* data */ = {isa = PBXFileReference; includeInIndex = 0; lastKnownFileType = folder; name = data; path = ../data; sourceTree = SOURCE_ROOT; };
		68EA2B640FC8348A0052A87E /* mh_plugins */ = {isa = PBXFileReference; lastKnownFileType = folder; name = mh_plugins; path = ../mh_plugins; sourceTree = "<group>"; };
		68EA2BAC0FC836D50052A87E /* NSFont_OpenGL.h */ = {isa = PBXFileReference; fileEncoding = 4; lastKnownFileType = sourcecode.c.h; name = NSFont_OpenGL.h; path = include/NSFont_OpenGL.h; sourceTree = "<group>"; };
		68EA2BAD0FC836DB0052A87E /* NSFont_OpenGL.m */ = {isa = PBXFileReference; fileEncoding = 4; lastKnownFileType = sourcecode.c.objc; name = NSFont_OpenGL.m; path = src/NSFont_OpenGL.m; sourceTree = "<group>"; };
		68F6D3F50E640E6A00D27961 /* AppIcon.psd */ = {isa = PBXFileReference; lastKnownFileType = file; name = AppIcon.psd; path = resources/AppIcon.psd; sourceTree = "<group>"; };
		68F6D3F60E640E6A00D27961 /* AppIcon.icns */ = {isa = PBXFileReference; lastKnownFileType = image.icns; name = AppIcon.icns; path = resources/AppIcon.icns; sourceTree = "<group>"; };
		8D1107320486CEB800E47090 /* MakeHuman.app */ = {isa = PBXFileReference; explicitFileType = wrapper.application; includeInIndex = 0; path = MakeHuman.app; sourceTree = BUILT_PRODUCTS_DIR; };
/* End PBXFileReference section */

/* Begin PBXFrameworksBuildPhase section */
		685701AA1001D77F00F9C649 /* Frameworks */ = {
			isa = PBXFrameworksBuildPhase;
			buildActionMask = 2147483647;
			files = (
				685702011001D7EF00F9C649 /* Cocoa.framework in Frameworks */,
				685702021001D7EF00F9C649 /* Python.framework in Frameworks */,
				685702031001D7EF00F9C649 /* OpenGL.framework in Frameworks */,
				685702041001D7EF00F9C649 /* GLUT.framework in Frameworks */,
				685702051001D7EF00F9C649 /* SDL.framework in Frameworks */,
				685702061001D7EF00F9C649 /* SDL_image.framework in Frameworks */,
			);
			runOnlyForDeploymentPostprocessing = 0;
		};
		6857022510031DA200F9C649 /* Frameworks */ = {
			isa = PBXFrameworksBuildPhase;
			buildActionMask = 2147483647;
			files = (
				68570267100320B500F9C649 /* SDL.framework in Frameworks */,
				68570268100320B500F9C649 /* SDL_image.framework in Frameworks */,
				6857023010031E0400F9C649 /* Cocoa.framework in Frameworks */,
				6857023110031E1C00F9C649 /* GLUT.framework in Frameworks */,
				6857023210031E1C00F9C649 /* OpenGL.framework in Frameworks */,
				6857023310031E1C00F9C649 /* Python.framework in Frameworks */,
			);
			runOnlyForDeploymentPostprocessing = 0;
		};
		8D11072E0486CEB800E47090 /* Frameworks */ = {
			isa = PBXFrameworksBuildPhase;
			buildActionMask = 2147483647;
			files = (
				8D11072F0486CEB800E47090 /* Cocoa.framework in Frameworks */,
				689F33E60E61999C00E37E9F /* Python.framework in Frameworks */,
				689F33E80E6199B000E37E9F /* OpenGL.framework in Frameworks */,
				689F33EA0E6199BD00E37E9F /* GLUT.framework in Frameworks */,
				6894C4E20FA188D000A52097 /* SDL.framework in Frameworks */,
				686E5B9E0FA19EA3005B137C /* SDL_image.framework in Frameworks */,
			);
			runOnlyForDeploymentPostprocessing = 0;
		};
/* End PBXFrameworksBuildPhase section */

/* Begin PBXGroup section */
		080E96DDFE201D6D7F000001 /* Main */ = {
			isa = PBXGroup;
			children = (
				689F332D0E6193B000E37E9F /* main.c */,
				689F332A0E6193B000E37E9F /* core.c */,
				689F332B0E6193B000E37E9F /* glmodule.c */,
				6857012F1000EE8000F9C649 /* core.h */,
				685701301000EE8000F9C649 /* glmodule.h */,
			);
			name = Main;
			sourceTree = "<group>";
		};
		1058C7A0FEA54F0111CA2CBB /* Linked Frameworks */ = {
			isa = PBXGroup;
			children = (
				1058C7A1FEA54F0111CA2CBB /* Cocoa.framework */,
			);
			name = "Linked Frameworks";
			sourceTree = "<group>";
		};
		1058C7A2FEA54F0111CA2CBB /* Other Frameworks */ = {
			isa = PBXGroup;
			children = (
				6894C4E10FA188D000A52097 /* SDL.framework */,
				686E5B9D0FA19EA3005B137C /* SDL_image.framework */,
				29B97324FDCFA39411CA2CEA /* AppKit.framework */,
				689F33E90E6199BD00E37E9F /* GLUT.framework */,
				689F33E70E6199B000E37E9F /* OpenGL.framework */,
				689F33E50E61999C00E37E9F /* Python.framework */,
				13E42FB307B3F0F600E4EEF1 /* CoreData.framework */,
				29B97325FDCFA39411CA2CEA /* Foundation.framework */,
			);
			name = "Other Frameworks";
			sourceTree = "<group>";
		};
		19C28FACFE9D520D11CA2CBB /* Products */ = {
			isa = PBXGroup;
			children = (
				8D1107320486CEB800E47090 /* MakeHuman.app */,
				685701AC1001D77F00F9C649 /* libMakeHumanDLib.dylib */,
				6857022710031DA200F9C649 /* MakeHuman.framework */,
			);
			name = Products;
			sourceTree = "<group>";
		};
		29B97314FDCFA39411CA2CEA /* MHPhoenix */ = {
			isa = PBXGroup;
			children = (
				29B97315FDCFA39411CA2CEA /* C-Sources */,
				686FD6FB0FC06D98006C12DA /* Python */,
				68DFFDA40FC1F059009CA434 /* data */,
				68C80AE10FE3E41D0090D1E5 /* utils */,
				684E6D340FEE34E600941536 /* docs */,
				29B97317FDCFA39411CA2CEA /* Resources */,
				29B97323FDCFA39411CA2CEA /* Frameworks */,
				19C28FACFE9D520D11CA2CBB /* Products */,
			);
			name = MHPhoenix;
			sourceTree = "<group>";
		};
		29B97315FDCFA39411CA2CEA /* C-Sources */ = {
			isa = PBXGroup;
			children = (
				684E6D210FEE32BD00941536 /* OS-X */,
				080E96DDFE201D6D7F000001 /* Main */,
				686E5D380FA1AB5F005B137C /* sdlwrapper */,
				686E5D340FA1AB4B005B137C /* pythonwrapper */,
			);
			name = "C-Sources";
			sourceTree = "<group>";
		};
		29B97317FDCFA39411CA2CEA /* Resources */ = {
			isa = PBXGroup;
			children = (
				68061C9B0FC136AB006C372E /* data */,
				68F6D3F50E640E6A00D27961 /* AppIcon.psd */,
				68F6D3F60E640E6A00D27961 /* AppIcon.icns */,
				689F33180E6192CB00E37E9F /* English.lproj */,
				689F331D0E6192CB00E37E9F /* Info.plist */,
				6857022810031DA200F9C649 /* MakeHumanFramework-Info.plist */,
			);
			name = Resources;
			sourceTree = "<group>";
		};
		29B97323FDCFA39411CA2CEA /* Frameworks */ = {
			isa = PBXGroup;
			children = (
				1058C7A0FEA54F0111CA2CBB /* Linked Frameworks */,
				1058C7A2FEA54F0111CA2CBB /* Other Frameworks */,
			);
			name = Frameworks;
			sourceTree = "<group>";
		};
		684E6D210FEE32BD00941536 /* OS-X */ = {
			isa = PBXGroup;
			children = (
				685D0DED0FA1E13E0065AFB5 /* MakeHuman_Prefix.pch */,
				687236BC0FF7F8D30048ED40 /* OSXTools.h */,
				687236BA0FF7F8BB0048ED40 /* OSXTools.cpp */,
				68EA2BAC0FC836D50052A87E /* NSFont_OpenGL.h */,
				68EA2BAD0FC836DB0052A87E /* NSFont_OpenGL.m */,
				68D8631E0FA5D1880097F73F /* SDLMain.h */,
				68D8631C0FA5D1810097F73F /* SDLMain.m */,
			);
			name = "OS-X";
			sourceTree = "<group>";
		};
		686FD6FB0FC06D98006C12DA /* Python */ = {
			isa = PBXGroup;
			children = (
				686944D10FCB25F1005B01DC /* mh_core */,
				68EA2B640FC8348A0052A87E /* mh_plugins */,
				686FD6FC0FC06DA4006C12DA /* main.py */,
			);
			name = Python;
			sourceTree = "<group>";
		};
		689F33180E6192CB00E37E9F /* English.lproj */ = {
			isa = PBXGroup;
			children = (
				689F33190E6192CB00E37E9F /* InfoPlist.strings */,
				689F331B0E6192CB00E37E9F /* MainMenu.nib */,
			);
			name = English.lproj;
			path = resources/English.lproj;
			sourceTree = "<group>";
		};
/* End PBXGroup section */

/* Begin PBXHeadersBuildPhase section */
		685701A81001D77F00F9C649 /* Headers */ = {
			isa = PBXHeadersBuildPhase;
			buildActionMask = 2147483647;
			files = (
			);
			runOnlyForDeploymentPostprocessing = 0;
		};
		6857022210031DA200F9C649 /* Headers */ = {
			isa = PBXHeadersBuildPhase;
			buildActionMask = 2147483647;
			files = (
				68570292100322C400F9C649 /* glmodule.h in Headers */,
				68570293100322CB00F9C649 /* core.h in Headers */,
			);
			runOnlyForDeploymentPostprocessing = 0;
		};
/* End PBXHeadersBuildPhase section */

/* Begin PBXNativeTarget section */
		685701AB1001D77F00F9C649 /* MakeHumanDLib */ = {
			isa = PBXNativeTarget;
			buildConfigurationList = 685702001001D7EA00F9C649 /* Build configuration list for PBXNativeTarget "MakeHumanDLib" */;
			buildPhases = (
				685701A81001D77F00F9C649 /* Headers */,
				685701A91001D77F00F9C649 /* Sources */,
				685701AA1001D77F00F9C649 /* Frameworks */,
			);
			buildRules = (
			);
			dependencies = (
			);
			name = MakeHumanDLib;
			productName = MakeHumanDLib;
			productReference = 685701AC1001D77F00F9C649 /* libMakeHumanDLib.dylib */;
			productType = "com.apple.product-type.library.dynamic";
		};
		6857022610031DA200F9C649 /* MakeHumanFramework */ = {
			isa = PBXNativeTarget;
			buildConfigurationList = 6857022B10031DA200F9C649 /* Build configuration list for PBXNativeTarget "MakeHumanFramework" */;
			buildPhases = (
				6857022210031DA200F9C649 /* Headers */,
				6857024B10031F4400F9C649 /* Copy Frameworks */,
				6857022310031DA200F9C649 /* Resources */,
				6857022410031DA200F9C649 /* Sources */,
				6857022510031DA200F9C649 /* Frameworks */,
			);
			buildRules = (
			);
			dependencies = (
			);
			name = MakeHumanFramework;
			productName = MakeHumanFramework;
			productReference = 6857022710031DA200F9C649 /* MakeHuman.framework */;
			productType = "com.apple.product-type.framework";
		};
		8D1107260486CEB800E47090 /* MakeHuman */ = {
			isa = PBXNativeTarget;
			buildConfigurationList = C01FCF4A08A954540054247B /* Build configuration list for PBXNativeTarget "MakeHuman" */;
			buildPhases = (
				6894C51A0FA1895B00A52097 /* CopyFiles */,
				8D1107290486CEB800E47090 /* Resources */,
				8D11072C0486CEB800E47090 /* Sources */,
				8D11072E0486CEB800E47090 /* Frameworks */,
				68F6D3510E63F23400D27961 /* ShellScript */,
			);
			buildRules = (
			);
			dependencies = (
			);
			name = MakeHuman;
			productInstallPath = "$(HOME)/Applications";
			productName = MHPhoenix;
			productReference = 8D1107320486CEB800E47090 /* MakeHuman.app */;
			productType = "com.apple.product-type.application";
		};
/* End PBXNativeTarget section */

/* Begin PBXProject section */
		29B97313FDCFA39411CA2CEA /* Project object */ = {
			isa = PBXProject;
			attributes = {
				ORGANIZATIONNAME = MakeHuman;
			};
			buildConfigurationList = C01FCF4E08A954540054247B /* Build configuration list for PBXProject "MakeHuman" */;
			compatibilityVersion = "Xcode 2.4";
			hasScannedForEncodings = 1;
			mainGroup = 29B97314FDCFA39411CA2CEA /* MHPhoenix */;
			projectDirPath = "";
			projectRoot = "";
			targets = (
				8D1107260486CEB800E47090 /* MakeHuman */,
				685701AB1001D77F00F9C649 /* MakeHumanDLib */,
				6857022610031DA200F9C649 /* MakeHumanFramework */,
			);
		};
/* End PBXProject section */

/* Begin PBXResourcesBuildPhase section */
		6857022310031DA200F9C649 /* Resources */ = {
			isa = PBXResourcesBuildPhase;
			buildActionMask = 2147483647;
			files = (
			);
			runOnlyForDeploymentPostprocessing = 0;
		};
		8D1107290486CEB800E47090 /* Resources */ = {
			isa = PBXResourcesBuildPhase;
			buildActionMask = 2147483647;
			files = (
				689F331E0E6192CB00E37E9F /* InfoPlist.strings in Resources */,
				689F331F0E6192CB00E37E9F /* MainMenu.nib in Resources */,
				68F6D3F80E640E6A00D27961 /* AppIcon.icns in Resources */,
				686FD6FD0FC06DA4006C12DA /* main.py in Resources */,
				6806287A0FC136C9006C372E /* data in Resources */,
				68C80B0B0FE3E41E0090D1E5 /* utils in Resources */,
				684E6D680FEE34E600941536 /* docs in Resources */,
			);
			runOnlyForDeploymentPostprocessing = 0;
		};
/* End PBXResourcesBuildPhase section */

/* Begin PBXShellScriptBuildPhase section */
		68F6D3510E63F23400D27961 /* ShellScript */ = {
			isa = PBXShellScriptBuildPhase;
			buildActionMask = 2147483647;
			files = (
			);
			inputPaths = (
			);
			outputPaths = (
			);
			runOnlyForDeploymentPostprocessing = 0;
			shellPath = /bin/sh;
			shellScript = "# data 3dobjs mh_plugins mh_core\n\n# Copy the data directory into the Application Folder (Resources/data)\nif [ ! -e \"${CONFIGURATION_BUILD_DIR}/${PRODUCT_NAME}.app/Contents/Resources/data\" ]; then\n  mkdir -p \"${CONFIGURATION_BUILD_DIR}/${PRODUCT_NAME}.app/Contents/Resources/data\"\n  cp -rf \"${PROJECT_DIR}/../data\" \"${CONFIGURATION_BUILD_DIR}/${PRODUCT_NAME}.app/Contents/Resources/\"\n  cd \"${CONFIGURATION_BUILD_DIR}/${PRODUCT_NAME}.app/Contents/Resources/data\"\n  find . -name \"Makefile*\" -delete\n  find . -name \"*.zip\" -delete\n  find . -name \"empty.txt\" -delete\n  find . -name \".svn\" -type d | xargs rm -rf\n  find . -name \"CVS\" -type d | xargs rm -rf\n  find . -name \"*.pyc\" -delete\nfi\n\n# Copy the data directory into the Application Folder (Resources/mh_plugins)\nif [ ! -e \"${CONFIGURATION_BUILD_DIR}/${PRODUCT_NAME}.app/Contents/Resources/mh_plugins\" ]; then\n  mkdir -p \"${CONFIGURATION_BUILD_DIR}/${PRODUCT_NAME}.app/Contents/Resources/mh_plugins\"\n  cp -rf \"${PROJECT_DIR}/../mh_plugins\" \"${CONFIGURATION_BUILD_DIR}/${PRODUCT_NAME}.app/Contents/Resources/\"\n  cd \"${CONFIGURATION_BUILD_DIR}/${PRODUCT_NAME}.app/Contents/Resources/mh_plugins\"\n  find . -name \"Makefile*\" -delete\n  find . -name \"*.zip\" -delete\n  find . -name \"empty.txt\" -delete\n  find . -name \".svn\" -type d | xargs rm -rf\n  find . -name \"CVS\" -type d | xargs rm -rf\n  find . -name \"*.pyc\" -delete\nfi\n\n# Copy the data directory into the Application Folder (Resources/mh_core)\nif [ ! -e \"${CONFIGURATION_BUILD_DIR}/${PRODUCT_NAME}.app/Contents/Resources/mh_core\" ]; then\n  mkdir -p \"${CONFIGURATION_BUILD_DIR}/${PRODUCT_NAME}.app/Contents/Resources/mh_core\"\n  cp -rf \"${PROJECT_DIR}/../mh_core\" \"${CONFIGURATION_BUILD_DIR}/${PRODUCT_NAME}.app/Contents/Resources/\"\n  cd \"${CONFIGURATION_BUILD_DIR}/${PRODUCT_NAME}.app/Contents/Resources/mh_core\"\n  find . -name \"Makefile*\" -delete\n  find . -name \"*.zip\" -delete\n  find . -name \"empty.txt\" -delete\n  find . -name \".svn\" -type d | xargs rm -rf\n  find . -name \"CVS\" -type d | xargs rm -rf\n  find . -name \"*.pyc\" -delete\nfi\n\n\n# Copy the data directory into the Application Folder (Resources/docs)\nif [ ! -e \"${CONFIGURATION_BUILD_DIR}/${PRODUCT_NAME}.app/Contents/Resources/docs\" ]; then\n  mkdir -p \"${CONFIGURATION_BUILD_DIR}/${PRODUCT_NAME}.app/Contents/Resources/docs\"\n  cp -rf \"${PROJECT_DIR}/../docs\" \"${CONFIGURATION_BUILD_DIR}/${PRODUCT_NAME}.app/Contents/Resources/\"\n  cd \"${CONFIGURATION_BUILD_DIR}/${PRODUCT_NAME}.app/Contents/Resources/docs\"\n  find . -name \"Makefile*\" -delete\n  find . -name \"*.zip\" -delete\n  find . -name \"empty.txt\" -delete\n  find . -name \".svn\" -type d | xargs rm -rf\n  find . -name \"CVS\" -type d | xargs rm -rf\n  find . -name \"*.pyc\" -delete\nfi\n\ncp -f \"${PROJECT_DIR}/../main.py\" \"${CONFIGURATION_BUILD_DIR}/${PRODUCT_NAME}.app/Contents/Resources/\"\n";
		};
/* End PBXShellScriptBuildPhase section */

/* Begin PBXSourcesBuildPhase section */
		685701A91001D77F00F9C649 /* Sources */ = {
			isa = PBXSourcesBuildPhase;
			buildActionMask = 2147483647;
			files = (
				685701AF1001D79200F9C649 /* core.c in Sources */,
				685701B01001D79200F9C649 /* glmodule.c in Sources */,
				685701B11001D79200F9C649 /* main.c in Sources */,
				685702111001D8C300F9C649 /* NSFont_OpenGL.m in Sources */,
			);
			runOnlyForDeploymentPostprocessing = 0;
		};
		6857022410031DA200F9C649 /* Sources */ = {
			isa = PBXSourcesBuildPhase;
			buildActionMask = 2147483647;
			files = (
				6857022C10031DE300F9C649 /* core.c in Sources */,
				6857022D10031DE300F9C649 /* glmodule.c in Sources */,
				6857022E10031DE300F9C649 /* main.c in Sources */,
				6857022F10031DE300F9C649 /* NSFont_OpenGL.m in Sources */,
			);
			runOnlyForDeploymentPostprocessing = 0;
		};
		8D11072C0486CEB800E47090 /* Sources */ = {
			isa = PBXSourcesBuildPhase;
			buildActionMask = 2147483647;
			files = (
				689F332E0E6193B000E37E9F /* core.c in Sources */,
				689F332F0E6193B100E37E9F /* glmodule.c in Sources */,
				689F33310E6193B100E37E9F /* main.c in Sources */,
				68D8631D0FA5D1810097F73F /* SDLMain.m in Sources */,
				68EA2BAE0FC836DB0052A87E /* NSFont_OpenGL.m in Sources */,
				687236BB0FF7F8BB0048ED40 /* OSXTools.cpp in Sources */,
			);
			runOnlyForDeploymentPostprocessing = 0;
		};
/* End PBXSourcesBuildPhase section */

/* Begin PBXVariantGroup section */
		689F33190E6192CB00E37E9F /* InfoPlist.strings */ = {
			isa = PBXVariantGroup;
			children = (
				689F331A0E6192CB00E37E9F /* English */,
			);
			name = InfoPlist.strings;
			sourceTree = "<group>";
		};
		689F331B0E6192CB00E37E9F /* MainMenu.nib */ = {
			isa = PBXVariantGroup;
			children = (
				689F331C0E6192CB00E37E9F /* English */,
			);
			name = MainMenu.nib;
			sourceTree = "<group>";
		};
/* End PBXVariantGroup section */

/* Begin XCBuildConfiguration section */
		685701AD1001D78000F9C649 /* Debug */ = {
			isa = XCBuildConfiguration;
			buildSettings = {
				ALWAYS_SEARCH_USER_PATHS = NO;
				COPY_PHASE_STRIP = NO;
				EXECUTABLE_PREFIX = lib;
				FRAMEWORK_SEARCH_PATHS = (
					"$(inherited)",
					"$(FRAMEWORK_SEARCH_PATHS_QUOTED_FOR_TARGET_1)",
				);
				FRAMEWORK_SEARCH_PATHS_QUOTED_FOR_TARGET_1 = "\"$(SRCROOT)/frameworks\"";
				GCC_DYNAMIC_NO_PIC = NO;
				GCC_ENABLE_FIX_AND_CONTINUE = YES;
				GCC_MODEL_TUNING = G5;
				GCC_OPTIMIZATION_LEVEL = 0;
				GCC_PFE_FILE_C_DIALECTS = "objective-c++";
				GCC_PREPROCESSOR_DEFINITIONS = MAKEHUMAN_AS_MODULE;
				INSTALL_PATH = /usr/local/lib;
				PREBINDING = NO;
				PRODUCT_NAME = MakeHumanDLib;
			};
			name = Debug;
		};
		685701AE1001D78000F9C649 /* Release */ = {
			isa = XCBuildConfiguration;
			buildSettings = {
				ALWAYS_SEARCH_USER_PATHS = NO;
				COPY_PHASE_STRIP = YES;
				DEBUG_INFORMATION_FORMAT = "dwarf-with-dsym";
				EXECUTABLE_PREFIX = lib;
				FRAMEWORK_SEARCH_PATHS = (
					"$(inherited)",
					"$(FRAMEWORK_SEARCH_PATHS_QUOTED_FOR_TARGET_1)",
				);
				FRAMEWORK_SEARCH_PATHS_QUOTED_FOR_TARGET_1 = "\"$(SRCROOT)/frameworks\"";
				GCC_ENABLE_FIX_AND_CONTINUE = NO;
				GCC_MODEL_TUNING = G5;
				GCC_PFE_FILE_C_DIALECTS = "objective-c++";
				GCC_PREPROCESSOR_DEFINITIONS = MAKEHUMAN_AS_MODULE;
				INSTALL_PATH = /usr/local/lib;
				PREBINDING = NO;
				PRODUCT_NAME = MakeHumanDLib;
				ZERO_LINK = NO;
			};
			name = Release;
		};
		6857022910031DA200F9C649 /* Debug */ = {
			isa = XCBuildConfiguration;
			buildSettings = {
				ALWAYS_SEARCH_USER_PATHS = NO;
				COPY_PHASE_STRIP = NO;
				DYLIB_COMPATIBILITY_VERSION = 1;
				DYLIB_CURRENT_VERSION = 1;
				FRAMEWORK_SEARCH_PATHS = (
					"$(inherited)",
					"$(FRAMEWORK_SEARCH_PATHS_QUOTED_FOR_TARGET_1)",
					"$(FRAMEWORK_SEARCH_PATHS_QUOTED_FOR_TARGET_2)",
				);
				FRAMEWORK_SEARCH_PATHS_QUOTED_FOR_TARGET_1 = "\"$(SRCROOT)/frameworks\"";
				FRAMEWORK_SEARCH_PATHS_QUOTED_FOR_TARGET_2 = "\"$(SRCROOT)/frameworks\"";
				FRAMEWORK_VERSION = A;
				GCC_DYNAMIC_NO_PIC = NO;
				GCC_ENABLE_FIX_AND_CONTINUE = YES;
				GCC_MODEL_TUNING = G5;
				GCC_OPTIMIZATION_LEVEL = 0;
				GCC_PFE_FILE_C_DIALECTS = "objective-c++";
				GCC_PRECOMPILE_PREFIX_HEADER = YES;
				GCC_PREFIX_HEADER = "$(SYSTEM_LIBRARY_DIR)/Frameworks/AppKit.framework/Headers/AppKit.h";
				GCC_PREPROCESSOR_DEFINITIONS = MAKEHUMAN_AS_MODULE;
				INFOPLIST_FILE = "MakeHumanFramework-Info.plist";
				INSTALL_PATH = "$(HOME)/Library/Frameworks";
				OTHER_LDFLAGS = (
					"-framework",
					Foundation,
					"-framework",
					AppKit,
				);
				PREBINDING = NO;
				PRODUCT_NAME = MakeHuman;
			};
			name = Debug;
		};
		6857022A10031DA200F9C649 /* Release */ = {
			isa = XCBuildConfiguration;
			buildSettings = {
				ALWAYS_SEARCH_USER_PATHS = NO;
				COPY_PHASE_STRIP = YES;
				DEBUG_INFORMATION_FORMAT = "dwarf-with-dsym";
				DYLIB_COMPATIBILITY_VERSION = 1;
				DYLIB_CURRENT_VERSION = 1;
				FRAMEWORK_SEARCH_PATHS = (
					"$(inherited)",
					"$(FRAMEWORK_SEARCH_PATHS_QUOTED_FOR_TARGET_1)",
					"$(FRAMEWORK_SEARCH_PATHS_QUOTED_FOR_TARGET_2)",
				);
				FRAMEWORK_SEARCH_PATHS_QUOTED_FOR_TARGET_1 = "\"$(SRCROOT)/frameworks\"";
				FRAMEWORK_SEARCH_PATHS_QUOTED_FOR_TARGET_2 = "\"$(SRCROOT)/frameworks\"";
				FRAMEWORK_VERSION = A;
				GCC_ENABLE_FIX_AND_CONTINUE = NO;
				GCC_MODEL_TUNING = G5;
				GCC_PFE_FILE_C_DIALECTS = "objective-c++";
				GCC_PRECOMPILE_PREFIX_HEADER = YES;
				GCC_PREFIX_HEADER = "$(SYSTEM_LIBRARY_DIR)/Frameworks/AppKit.framework/Headers/AppKit.h";
				GCC_PREPROCESSOR_DEFINITIONS = MAKEHUMAN_AS_MODULE;
				INFOPLIST_FILE = "MakeHumanFramework-Info.plist";
				INSTALL_PATH = "$(HOME)/Library/Frameworks";
				OTHER_LDFLAGS = (
					"-framework",
					Foundation,
					"-framework",
					AppKit,
				);
				PREBINDING = NO;
				PRODUCT_NAME = MakeHuman;
				ZERO_LINK = NO;
			};
			name = Release;
		};
		C01FCF4B08A954540054247B /* Debug */ = {
			isa = XCBuildConfiguration;
			buildSettings = {
				COPY_PHASE_STRIP = NO;
				GCC_DYNAMIC_NO_PIC = NO;
				GCC_ENABLE_FIX_AND_CONTINUE = YES;
				GCC_MODEL_TUNING = G5;
				GCC_OPTIMIZATION_LEVEL = 0;
				GCC_PFE_FILE_C_DIALECTS = "objective-c++";
				GCC_PRECOMPILE_PREFIX_HEADER = YES;
				INFOPLIST_FILE = resources/Info.plist;
				INSTALL_PATH = "$(HOME)/Applications";
				PRODUCT_NAME = MakeHuman;
				WRAPPER_EXTENSION = app;
			};
			name = Debug;
		};
		C01FCF4C08A954540054247B /* Release */ = {
			isa = XCBuildConfiguration;
			buildSettings = {
				ARCHS = (
					ppc,
					i386,
				);
				GCC_GENERATE_DEBUGGING_SYMBOLS = NO;
				GCC_MODEL_TUNING = G5;
				GCC_PFE_FILE_C_DIALECTS = "objective-c++";
				GCC_PRECOMPILE_PREFIX_HEADER = YES;
				INFOPLIST_FILE = resources/Info.plist;
				INSTALL_PATH = "$(HOME)/Applications";
				PRODUCT_NAME = MakeHuman;
				WRAPPER_EXTENSION = app;
			};
			name = Release;
		};
		C01FCF4F08A954540054247B /* Debug */ = {
			isa = XCBuildConfiguration;
			buildSettings = {
				EXTRA_FRAMEWORK_SEARCH_PATHS = "\"$(SRCROOT)/frameworks\"";
				FRAMEWORK_SEARCH_PATHS = "$(EXTRA_FRAMEWORK_SEARCH_PATHS)";
				GCC_PREFIX_HEADER = include/MakeHuman_Prefix.pch;
				GCC_WARN_ABOUT_RETURN_TYPE = YES;
				GCC_WARN_UNUSED_VARIABLE = YES;
				HEADER_SEARCH_PATHS = (
					../include/,
					./include/,
					./include/pythonwrapper/,
					./include/sdlwrapper/,
				);
				PREBINDING = NO;
				SDKROOT = /Developer/SDKs/MacOSX10.5.sdk;
			};
			name = Debug;
		};
		C01FCF5008A954540054247B /* Release */ = {
			isa = XCBuildConfiguration;
			buildSettings = {
				EXTRA_FRAMEWORK_SEARCH_PATHS = "\"$(SRCROOT)/frameworks\"";
				FRAMEWORK_SEARCH_PATHS = "$(EXTRA_FRAMEWORK_SEARCH_PATHS)";
				GCC_PREFIX_HEADER = include/MakeHuman_Prefix.pch;
				GCC_WARN_ABOUT_RETURN_TYPE = YES;
				GCC_WARN_UNUSED_VARIABLE = YES;
				HEADER_SEARCH_PATHS = (
					../include/,
					./include/,
					./include/pythonwrapper/,
					./include/sdlwrapper/,
				);
				PREBINDING = NO;
				SDKROOT = /Developer/SDKs/MacOSX10.5.sdk;
			};
			name = Release;
		};
/* End XCBuildConfiguration section */

/* Begin XCConfigurationList section */
		685702001001D7EA00F9C649 /* Build configuration list for PBXNativeTarget "MakeHumanDLib" */ = {
			isa = XCConfigurationList;
			buildConfigurations = (
				685701AD1001D78000F9C649 /* Debug */,
				685701AE1001D78000F9C649 /* Release */,
			);
			defaultConfigurationIsVisible = 0;
			defaultConfigurationName = Release;
		};
		6857022B10031DA200F9C649 /* Build configuration list for PBXNativeTarget "MakeHumanFramework" */ = {
			isa = XCConfigurationList;
			buildConfigurations = (
				6857022910031DA200F9C649 /* Debug */,
				6857022A10031DA200F9C649 /* Release */,
			);
			defaultConfigurationIsVisible = 0;
			defaultConfigurationName = Release;
		};
		C01FCF4A08A954540054247B /* Build configuration list for PBXNativeTarget "MakeHuman" */ = {
			isa = XCConfigurationList;
			buildConfigurations = (
				C01FCF4B08A954540054247B /* Debug */,
				C01FCF4C08A954540054247B /* Release */,
			);
			defaultConfigurationIsVisible = 0;
			defaultConfigurationName = Release;
		};
		C01FCF4E08A954540054247B /* Build configuration list for PBXProject "MakeHuman" */ = {
			isa = XCConfigurationList;
			buildConfigurations = (
				C01FCF4F08A954540054247B /* Debug */,
				C01FCF5008A954540054247B /* Release */,
			);
			defaultConfigurationIsVisible = 0;
			defaultConfigurationName = Release;
		};
/* End XCConfigurationList section */
	};
	rootObject = 29B97313FDCFA39411CA2CEA /* Project object */;
}
