// !$*UTF8*$!
{
	archiveVersion = 1;
	classes = {
	};
	objectVersion = 42;
	objects = {

/* Begin PBXBuildFile section */
		6806287A0FC136C9006C372E /* data in Resources */ = {isa = PBXBuildFile; fileRef = 68061C9B0FC136AB006C372E /* data */; };
		680EA9CF11A432B000DDEFEB /* glew.framework in Copy Frameworks */ = {isa = PBXBuildFile; fileRef = 680EA9CE11A432B000DDEFEB /* glew.framework */; };
		680EAADA11A4394300DDEFEB /* glew.framework in Frameworks */ = {isa = PBXBuildFile; fileRef = 680EA9CE11A432B000DDEFEB /* glew.framework */; };
		68225FAA13DC5C830021F48A /* TextureCache.cpp in Sources */ = {isa = PBXBuildFile; fileRef = 68225FA913DC5C830021F48A /* TextureCache.cpp */; };
		683926C312A3DC1400008F37 /* AppIcon_nb.icns in Resources */ = {isa = PBXBuildFile; fileRef = 683926C212A3DC1400008F37 /* AppIcon_nb.icns */; };
		6839A7AF10179EFF008AF603 /* HelpLinks.strings in Resources */ = {isa = PBXBuildFile; fileRef = 6839A7AD10179EFF008AF603 /* HelpLinks.strings */; };
		6850794613AE1C1E004C0164 /* Accelerate.framework in Frameworks */ = {isa = PBXBuildFile; fileRef = 6850794513AE1C1E004C0164 /* Accelerate.framework */; };
		6850794C13AE1C2C004C0164 /* Python.framework in Frameworks */ = {isa = PBXBuildFile; fileRef = 6850794B13AE1C2C004C0164 /* Python.framework */; };
		6850794E13AE1C4B004C0164 /* linalg_module.c in Sources */ = {isa = PBXBuildFile; fileRef = 687F1240132D321A003F3B2B /* linalg_module.c */; };
		685701AF1001D79200F9C649 /* core.c in Sources */ = {isa = PBXBuildFile; fileRef = 689F332A0E6193B000E37E9F /* core.c */; };
		685701B01001D79200F9C649 /* glmodule.c in Sources */ = {isa = PBXBuildFile; fileRef = 689F332B0E6193B000E37E9F /* glmodule.c */; };
		685701B11001D79200F9C649 /* main.c in Sources */ = {isa = PBXBuildFile; fileRef = 689F332D0E6193B000E37E9F /* main.c */; };
		685702011001D7EF00F9C649 /* Cocoa.framework in Frameworks */ = {isa = PBXBuildFile; fileRef = 1058C7A1FEA54F0111CA2CBB /* Cocoa.framework */; };
		685702021001D7EF00F9C649 /* Python.framework in Frameworks */ = {isa = PBXBuildFile; fileRef = 689F33E50E61999C00E37E9F /* Python.framework */; };
		685702031001D7EF00F9C649 /* OpenGL.framework in Frameworks */ = {isa = PBXBuildFile; fileRef = 689F33E70E6199B000E37E9F /* OpenGL.framework */; };
		685702041001D7EF00F9C649 /* GLUT.framework in Frameworks */ = {isa = PBXBuildFile; fileRef = 689F33E90E6199BD00E37E9F /* GLUT.framework */; };
		685702051001D7EF00F9C649 /* SDL_image.framework in Frameworks */ = {isa = PBXBuildFile; fileRef = 6894C4E10FA188D000A52097 /* SDL_image.framework */; };
		685702111001D8C300F9C649 /* NSFont_OpenGL.m in Sources */ = {isa = PBXBuildFile; fileRef = 68EA2BAD0FC836DB0052A87E /* NSFont_OpenGL.m */; };
		6857022C10031DE300F9C649 /* core.c in Sources */ = {isa = PBXBuildFile; fileRef = 689F332A0E6193B000E37E9F /* core.c */; };
		6857022D10031DE300F9C649 /* glmodule.c in Sources */ = {isa = PBXBuildFile; fileRef = 689F332B0E6193B000E37E9F /* glmodule.c */; };
		6857022E10031DE300F9C649 /* main.c in Sources */ = {isa = PBXBuildFile; fileRef = 689F332D0E6193B000E37E9F /* main.c */; };
		6857022F10031DE300F9C649 /* NSFont_OpenGL.m in Sources */ = {isa = PBXBuildFile; fileRef = 68EA2BAD0FC836DB0052A87E /* NSFont_OpenGL.m */; };
		6857023010031E0400F9C649 /* Cocoa.framework in Frameworks */ = {isa = PBXBuildFile; fileRef = 1058C7A1FEA54F0111CA2CBB /* Cocoa.framework */; };
		6857023110031E1C00F9C649 /* GLUT.framework in Frameworks */ = {isa = PBXBuildFile; fileRef = 689F33E90E6199BD00E37E9F /* GLUT.framework */; };
		6857023210031E1C00F9C649 /* OpenGL.framework in Frameworks */ = {isa = PBXBuildFile; fileRef = 689F33E70E6199B000E37E9F /* OpenGL.framework */; };
		6857023310031E1C00F9C649 /* Python.framework in Frameworks */ = {isa = PBXBuildFile; fileRef = 689F33E50E61999C00E37E9F /* Python.framework */; };
		6857023410031E1C00F9C649 /* SDL_image.framework in Copy Frameworks */ = {isa = PBXBuildFile; fileRef = 6894C4E10FA188D000A52097 /* SDL_image.framework */; };
		68570267100320B500F9C649 /* SDL_image.framework in Frameworks */ = {isa = PBXBuildFile; fileRef = 6894C4E10FA188D000A52097 /* SDL_image.framework */; };
		68570292100322C400F9C649 /* glmodule.h in Headers */ = {isa = PBXBuildFile; fileRef = 685701301000EE8000F9C649 /* glmodule.h */; };
		68570293100322CB00F9C649 /* core.h in Headers */ = {isa = PBXBuildFile; fileRef = 6857012F1000EE8000F9C649 /* core.h */; };
		6859C28110178958000E212C /* SDLMain.xib in Resources */ = {isa = PBXBuildFile; fileRef = 6859C28010178958000E212C /* SDLMain.xib */; };
		685A147613DB74AE00448578 /* SDLMain.mm in Sources */ = {isa = PBXBuildFile; fileRef = 68D8631C0FA5D1810097F73F /* SDLMain.mm */; };
		6869C0DE10322A0400DF62C3 /* Sparkle.framework in Frameworks */ = {isa = PBXBuildFile; fileRef = 6869C0DD10322A0400DF62C3 /* Sparkle.framework */; };
		6869C0DF10322A0400DF62C3 /* Sparkle.framework in Frameworks */ = {isa = PBXBuildFile; fileRef = 6869C0DD10322A0400DF62C3 /* Sparkle.framework */; };
		6869C0E710322A4200DF62C3 /* Sparkle.framework in Copy Frameworks */ = {isa = PBXBuildFile; fileRef = 6869C0DD10322A0400DF62C3 /* Sparkle.framework */; };
		6869C0F910322D1100DF62C3 /* dsa_pub.pem in Resources */ = {isa = PBXBuildFile; fileRef = 6869C0F810322D1100DF62C3 /* dsa_pub.pem */; };
		6869C0FA10322D1100DF62C3 /* dsa_pub.pem in Resources */ = {isa = PBXBuildFile; fileRef = 6869C0F810322D1100DF62C3 /* dsa_pub.pem */; };
		686CEBB612A3D4F500F4324D /* Info_nb.plist in Resources */ = {isa = PBXBuildFile; fileRef = 686CEBB512A3D4F500F4324D /* Info_nb.plist */; };
		687F122D132D3205003F3B2B /* arraybuffer.c in Sources */ = {isa = PBXBuildFile; fileRef = 687F122C132D3205003F3B2B /* arraybuffer.c */; };
		687F122E132D3205003F3B2B /* arraybuffer.c in Sources */ = {isa = PBXBuildFile; fileRef = 687F122C132D3205003F3B2B /* arraybuffer.c */; };
		687F122F132D3205003F3B2B /* arraybuffer.c in Sources */ = {isa = PBXBuildFile; fileRef = 687F122C132D3205003F3B2B /* arraybuffer.c */; };
		687F1245132D3232003F3B2B /* arraybuffer.h in Headers */ = {isa = PBXBuildFile; fileRef = 687F1244132D3232003F3B2B /* arraybuffer.h */; };
		687F1246132D3232003F3B2B /* arraybuffer.h in Headers */ = {isa = PBXBuildFile; fileRef = 687F1244132D3232003F3B2B /* arraybuffer.h */; };
		6894C4E20FA188D000A52097 /* SDL_image.framework in Frameworks */ = {isa = PBXBuildFile; fileRef = 6894C4E10FA188D000A52097 /* SDL_image.framework */; };
		6894C50E0FA1893900A52097 /* SDL_image.framework in Copy Frameworks */ = {isa = PBXBuildFile; fileRef = 6894C4E10FA188D000A52097 /* SDL_image.framework */; };
		689F331E0E6192CB00E37E9F /* InfoPlist.strings in Resources */ = {isa = PBXBuildFile; fileRef = 689F33190E6192CB00E37E9F /* InfoPlist.strings */; };
		689F332E0E6193B000E37E9F /* core.c in Sources */ = {isa = PBXBuildFile; fileRef = 689F332A0E6193B000E37E9F /* core.c */; };
		689F332F0E6193B100E37E9F /* glmodule.c in Sources */ = {isa = PBXBuildFile; fileRef = 689F332B0E6193B000E37E9F /* glmodule.c */; };
		689F33310E6193B100E37E9F /* main.c in Sources */ = {isa = PBXBuildFile; fileRef = 689F332D0E6193B000E37E9F /* main.c */; };
		689F33E60E61999C00E37E9F /* Python.framework in Frameworks */ = {isa = PBXBuildFile; fileRef = 689F33E50E61999C00E37E9F /* Python.framework */; };
		689F33E80E6199B000E37E9F /* OpenGL.framework in Frameworks */ = {isa = PBXBuildFile; fileRef = 689F33E70E6199B000E37E9F /* OpenGL.framework */; };
		689F33EA0E6199BD00E37E9F /* GLUT.framework in Frameworks */ = {isa = PBXBuildFile; fileRef = 689F33E90E6199BD00E37E9F /* GLUT.framework */; };
		68C96CE711933EA800CE9C5C /* splash_nb.png in Resources */ = {isa = PBXBuildFile; fileRef = 68C96CE611933EA800CE9C5C /* splash_nb.png */; };
		68D349BB1209885C008E9DD6 /* core in Resources */ = {isa = PBXBuildFile; fileRef = 68D349AD1209885C008E9DD6 /* core */; };
		68D349CE12098879008E9DD6 /* importers in Resources */ = {isa = PBXBuildFile; fileRef = 68D349BC12098879008E9DD6 /* importers */; };
		68D349F912098883008E9DD6 /* apps in Resources */ = {isa = PBXBuildFile; fileRef = 68D349CF12098883008E9DD6 /* apps */; };
		68D349FA12098883008E9DD6 /* apps in Resources */ = {isa = PBXBuildFile; fileRef = 68D349CF12098883008E9DD6 /* apps */; };
		68D34A0E120988C0008E9DD6 /* plugins in Resources */ = {isa = PBXBuildFile; fileRef = 68D34A01120988C0008E9DD6 /* plugins */; };
		68D34A29120988D0008E9DD6 /* pythonmodules in Resources */ = {isa = PBXBuildFile; fileRef = 68D34A0F120988D0008E9DD6 /* pythonmodules */; };
		68E53136118C2EAC0077AF3A /* arial_0_trans.png in Resources */ = {isa = PBXBuildFile; fileRef = 68E53135118C2EAC0077AF3A /* arial_0_trans.png */; };
		68E6B3DC1036C9B100BAA9F5 /* AppPreferences.mm in Sources */ = {isa = PBXBuildFile; fileRef = 68E6B3DB1036C9B100BAA9F5 /* AppPreferences.mm */; };
		68E6B8B01038175A00BAA9F5 /* UpdatePreferences.tiff in Resources */ = {isa = PBXBuildFile; fileRef = 68E6B8AF1038175A00BAA9F5 /* UpdatePreferences.tiff */; };
		68E6B8DF103820F500BAA9F5 /* UpdatePreferences.xib in Resources */ = {isa = PBXBuildFile; fileRef = 68E6B8DE103820F500BAA9F5 /* UpdatePreferences.xib */; };
		68E6B8E4103821B500BAA9F5 /* UpdatePreferences.mm in Sources */ = {isa = PBXBuildFile; fileRef = 68E6B8E3103821B500BAA9F5 /* UpdatePreferences.mm */; };
		68E6BA1610384AF100BAA9F5 /* Localizable.strings in Resources */ = {isa = PBXBuildFile; fileRef = 68E6BA1410384AF100BAA9F5 /* Localizable.strings */; };
		68E6BB1810395A6600BAA9F5 /* GeneralPreferences.mm in Sources */ = {isa = PBXBuildFile; fileRef = 68E6BB1710395A6600BAA9F5 /* GeneralPreferences.mm */; };
		68E6BB1C10395B2C00BAA9F5 /* GeneralPreferences.tiff in Resources */ = {isa = PBXBuildFile; fileRef = 68E6BB1B10395B2C00BAA9F5 /* GeneralPreferences.tiff */; };
		68E6BB471039619700BAA9F5 /* GeneralPreferences.xib in Resources */ = {isa = PBXBuildFile; fileRef = 68E6BB461039619700BAA9F5 /* GeneralPreferences.xib */; };
		68E6BBBC1039732800BAA9F5 /* folder.tiff in Resources */ = {isa = PBXBuildFile; fileRef = 68E6BBBB1039732800BAA9F5 /* folder.tiff */; };
		68E6C077103B1E2500BAA9F5 /* SDL.framework in Frameworks */ = {isa = PBXBuildFile; fileRef = 68E6C076103B1E2500BAA9F5 /* SDL.framework */; };
		68E6C07A103B1E3500BAA9F5 /* SDL.framework in Copy Frameworks */ = {isa = PBXBuildFile; fileRef = 68E6C076103B1E2500BAA9F5 /* SDL.framework */; };
		68EA2BAE0FC836DB0052A87E /* NSFont_OpenGL.m in Sources */ = {isa = PBXBuildFile; fileRef = 68EA2BAD0FC836DB0052A87E /* NSFont_OpenGL.m */; };
		68EF10D413D97A590000AAD3 /* OSXTools.mm in Sources */ = {isa = PBXBuildFile; fileRef = 68EF10D313D97A590000AAD3 /* OSXTools.mm */; };
		68F6D3F80E640E6A00D27961 /* AppIcon.icns in Resources */ = {isa = PBXBuildFile; fileRef = 68F6D3F60E640E6A00D27961 /* AppIcon.icns */; };
		68FAB546140C1FA400C1B9A1 /* ubuntu_0_trans.png in Resources */ = {isa = PBXBuildFile; fileRef = 68FAB543140C1FA400C1B9A1 /* ubuntu_0_trans.png */; };
		68FAB547140C1FA400C1B9A1 /* courier_0_trans.png in Resources */ = {isa = PBXBuildFile; fileRef = 68FAB544140C1FA400C1B9A1 /* courier_0_trans.png */; };
		68FAB548140C1FA400C1B9A1 /* verdana_0_trans.png in Resources */ = {isa = PBXBuildFile; fileRef = 68FAB545140C1FA400C1B9A1 /* verdana_0_trans.png */; };
		8D11072F0486CEB800E47090 /* Cocoa.framework in Frameworks */ = {isa = PBXBuildFile; fileRef = 1058C7A1FEA54F0111CA2CBB /* Cocoa.framework */; };
/* End PBXBuildFile section */

/* Begin PBXContainerItemProxy section */
		680FD56E13B10BB9005556B5 /* PBXContainerItemProxy */ = {
			isa = PBXContainerItemProxy;
			containerPortal = 29B97313FDCFA39411CA2CEA /* Project object */;
			proxyType = 1;
			remoteGlobalIDString = 6850794013AE1C06004C0164;
			remoteInfo = linalg_module;
		};
/* End PBXContainerItemProxy section */

/* Begin PBXCopyFilesBuildPhase section */
		6857024B10031F4400F9C649 /* Copy Frameworks */ = {
			isa = PBXCopyFilesBuildPhase;
			buildActionMask = 2147483647;
			dstPath = "";
			dstSubfolderSpec = 10;
			files = (
				6857023410031E1C00F9C649 /* SDL_image.framework in Copy Frameworks */,
			);
			name = "Copy Frameworks";
			runOnlyForDeploymentPostprocessing = 0;
		};
		6894C51A0FA1895B00A52097 /* Copy Frameworks */ = {
			isa = PBXCopyFilesBuildPhase;
			buildActionMask = 2147483647;
			dstPath = "";
			dstSubfolderSpec = 10;
			files = (
				680EA9CF11A432B000DDEFEB /* glew.framework in Copy Frameworks */,
				68E6C07A103B1E3500BAA9F5 /* SDL.framework in Copy Frameworks */,
				6869C0E710322A4200DF62C3 /* Sparkle.framework in Copy Frameworks */,
				6894C50E0FA1893900A52097 /* SDL_image.framework in Copy Frameworks */,
			);
			name = "Copy Frameworks";
			runOnlyForDeploymentPostprocessing = 0;
		};
/* End PBXCopyFilesBuildPhase section */

/* Begin PBXFileReference section */
		1058C7A1FEA54F0111CA2CBB /* Cocoa.framework */ = {isa = PBXFileReference; lastKnownFileType = wrapper.framework; name = Cocoa.framework; path = /System/Library/Frameworks/Cocoa.framework; sourceTree = "<absolute>"; };
		13E42FB307B3F0F600E4EEF1 /* CoreData.framework */ = {isa = PBXFileReference; lastKnownFileType = wrapper.framework; name = CoreData.framework; path = /System/Library/Frameworks/CoreData.framework; sourceTree = "<absolute>"; };
		29B97324FDCFA39411CA2CEA /* AppKit.framework */ = {isa = PBXFileReference; lastKnownFileType = wrapper.framework; name = AppKit.framework; path = /System/Library/Frameworks/AppKit.framework; sourceTree = "<absolute>"; };
		29B97325FDCFA39411CA2CEA /* Foundation.framework */ = {isa = PBXFileReference; lastKnownFileType = wrapper.framework; name = Foundation.framework; path = /System/Library/Frameworks/Foundation.framework; sourceTree = "<absolute>"; };
		68061C9B0FC136AB006C372E /* data */ = {isa = PBXFileReference; lastKnownFileType = folder; name = data; path = ../data; sourceTree = SOURCE_ROOT; };
		680EA9CE11A432B000DDEFEB /* glew.framework */ = {isa = PBXFileReference; lastKnownFileType = wrapper.framework; name = glew.framework; path = frameworks/glew.framework; sourceTree = SOURCE_ROOT; };
		68225FA813DC5C7C0021F48A /* TextureCache.h */ = {isa = PBXFileReference; fileEncoding = 4; lastKnownFileType = sourcecode.c.h; name = TextureCache.h; path = include/TextureCache.h; sourceTree = "<group>"; };
		68225FA913DC5C830021F48A /* TextureCache.cpp */ = {isa = PBXFileReference; fileEncoding = 4; lastKnownFileType = sourcecode.cpp.cpp; name = TextureCache.cpp; path = src/TextureCache.cpp; sourceTree = "<group>"; };
		683926C212A3DC1400008F37 /* AppIcon_nb.icns */ = {isa = PBXFileReference; lastKnownFileType = image.icns; name = AppIcon_nb.icns; path = resources/AppIcon_nb.icns; sourceTree = "<group>"; };
		6839A7AE10179EFF008AF603 /* English */ = {isa = PBXFileReference; fileEncoding = 4; lastKnownFileType = text.plist.strings; name = English; path = resources/English.lproj/HelpLinks.strings; sourceTree = "<group>"; };
		684223F1127355DC007177E4 /* apps */ = {isa = PBXFileReference; lastKnownFileType = folder; name = apps; path = ../apps; sourceTree = SOURCE_ROOT; };
		6842240A1273573F007177E4 /* shared */ = {isa = PBXFileReference; lastKnownFileType = folder; name = shared; path = ../shared; sourceTree = SOURCE_ROOT; };
		684E6D340FEE34E600941536 /* docs */ = {isa = PBXFileReference; lastKnownFileType = folder; name = docs; path = ../docs; sourceTree = SOURCE_ROOT; };
		6850794113AE1C06004C0164 /* linalg_module.so */ = {isa = PBXFileReference; explicitFileType = "compiled.mach-o.dylib"; includeInIndex = 0; path = linalg_module.so; sourceTree = BUILT_PRODUCTS_DIR; };
		6850794513AE1C1E004C0164 /* Accelerate.framework */ = {isa = PBXFileReference; lastKnownFileType = wrapper.framework; name = Accelerate.framework; path = System/Library/Frameworks/Accelerate.framework; sourceTree = SDKROOT; };
		6850794B13AE1C2C004C0164 /* Python.framework */ = {isa = PBXFileReference; lastKnownFileType = wrapper.framework; name = Python.framework; path = System/Library/Frameworks/Python.framework; sourceTree = SDKROOT; };
		6857012F1000EE8000F9C649 /* core.h */ = {isa = PBXFileReference; fileEncoding = 4; lastKnownFileType = sourcecode.c.h; name = core.h; path = ../include/core.h; sourceTree = SOURCE_ROOT; };
		685701301000EE8000F9C649 /* glmodule.h */ = {isa = PBXFileReference; fileEncoding = 4; lastKnownFileType = sourcecode.c.h; name = glmodule.h; path = ../include/glmodule.h; sourceTree = SOURCE_ROOT; };
		685701AC1001D77F00F9C649 /* libMakeHumanDLib.dylib */ = {isa = PBXFileReference; explicitFileType = "compiled.mach-o.dylib"; includeInIndex = 0; path = libMakeHumanDLib.dylib; sourceTree = BUILT_PRODUCTS_DIR; };
		6857022710031DA200F9C649 /* MakeHuman.framework */ = {isa = PBXFileReference; explicitFileType = wrapper.framework; includeInIndex = 0; path = MakeHuman.framework; sourceTree = BUILT_PRODUCTS_DIR; };
		6857022810031DA200F9C649 /* MakeHumanFramework-Info.plist */ = {isa = PBXFileReference; lastKnownFileType = text.plist.xml; path = "MakeHumanFramework-Info.plist"; sourceTree = "<group>"; };
		6859C28010178958000E212C /* SDLMain.xib */ = {isa = PBXFileReference; lastKnownFileType = file.xib; name = SDLMain.xib; path = resources/English.lproj/SDLMain.xib; sourceTree = "<group>"; };
		685D0DED0FA1E13E0065AFB5 /* MakeHuman_Prefix.pch */ = {isa = PBXFileReference; fileEncoding = 4; lastKnownFileType = sourcecode.c.h; name = MakeHuman_Prefix.pch; path = include/MakeHuman_Prefix.pch; sourceTree = "<group>"; };
		6869C0DD10322A0400DF62C3 /* Sparkle.framework */ = {isa = PBXFileReference; lastKnownFileType = wrapper.framework; name = Sparkle.framework; path = frameworks/Sparkle.framework; sourceTree = SOURCE_ROOT; };
		6869C0F810322D1100DF62C3 /* dsa_pub.pem */ = {isa = PBXFileReference; fileEncoding = 4; lastKnownFileType = text; name = dsa_pub.pem; path = resources/dsa_pub.pem; sourceTree = "<group>"; };
		6869C127103305C500DF62C3 /* About.pages */ = {isa = PBXFileReference; lastKnownFileType = file; name = About.pages; path = resources/About.pages; sourceTree = "<group>"; };
		686CEBB512A3D4F500F4324D /* Info_nb.plist */ = {isa = PBXFileReference; fileEncoding = 4; lastKnownFileType = text.plist.xml; name = Info_nb.plist; path = resources/Info_nb.plist; sourceTree = "<group>"; };
		686E5D340FA1AB4B005B137C /* pythonwrapper */ = {isa = PBXFileReference; lastKnownFileType = folder; name = pythonwrapper; path = include/pythonwrapper; sourceTree = "<group>"; };
		686E5D380FA1AB5F005B137C /* sdlwrapper */ = {isa = PBXFileReference; lastKnownFileType = folder; name = sdlwrapper; path = include/sdlwrapper; sourceTree = "<group>"; };
		686FD6FC0FC06DA4006C12DA /* main.py */ = {isa = PBXFileReference; fileEncoding = 4; lastKnownFileType = text.script.python; name = main.py; path = ../main.py; sourceTree = SOURCE_ROOT; };
		687236BC0FF7F8D30048ED40 /* OSXTools.h */ = {isa = PBXFileReference; fileEncoding = 4; lastKnownFileType = sourcecode.c.h; name = OSXTools.h; path = include/OSXTools.h; sourceTree = "<group>"; };
		687F122C132D3205003F3B2B /* arraybuffer.c */ = {isa = PBXFileReference; fileEncoding = 4; lastKnownFileType = sourcecode.c.c; name = arraybuffer.c; path = ../src/arraybuffer.c; sourceTree = SOURCE_ROOT; };
		687F1240132D321A003F3B2B /* linalg_module.c */ = {isa = PBXFileReference; fileEncoding = 4; lastKnownFileType = sourcecode.c.c; name = linalg_module.c; path = ../src/linalg_module.c; sourceTree = SOURCE_ROOT; };
		687F1244132D3232003F3B2B /* arraybuffer.h */ = {isa = PBXFileReference; fileEncoding = 4; lastKnownFileType = sourcecode.c.h; name = arraybuffer.h; path = ../include/arraybuffer.h; sourceTree = SOURCE_ROOT; };
		6894C4E10FA188D000A52097 /* SDL_image.framework */ = {isa = PBXFileReference; lastKnownFileType = wrapper.framework; name = SDL_image.framework; path = frameworks/SDL_image.framework; sourceTree = SOURCE_ROOT; };
		689F331A0E6192CB00E37E9F /* English */ = {isa = PBXFileReference; fileEncoding = 4; lastKnownFileType = text.plist.strings; name = English; path = InfoPlist.strings; sourceTree = "<group>"; };
		689F331D0E6192CB00E37E9F /* Info.plist */ = {isa = PBXFileReference; fileEncoding = 30; lastKnownFileType = text.plist.xml; name = Info.plist; path = resources/Info.plist; sourceTree = "<group>"; };
		689F332A0E6193B000E37E9F /* core.c */ = {isa = PBXFileReference; fileEncoding = 30; lastKnownFileType = sourcecode.c.c; name = core.c; path = ../src/core.c; sourceTree = "<group>"; };
		689F332B0E6193B000E37E9F /* glmodule.c */ = {isa = PBXFileReference; fileEncoding = 30; lastKnownFileType = sourcecode.c.c; name = glmodule.c; path = ../src/glmodule.c; sourceTree = "<group>"; };
		689F332D0E6193B000E37E9F /* main.c */ = {isa = PBXFileReference; fileEncoding = 30; lastKnownFileType = sourcecode.c.c; name = main.c; path = ../src/main.c; sourceTree = "<group>"; };
		689F33E50E61999C00E37E9F /* Python.framework */ = {isa = PBXFileReference; lastKnownFileType = wrapper.framework; name = Python.framework; path = /System/Library/Frameworks/Python.framework; sourceTree = "<absolute>"; };
		689F33E70E6199B000E37E9F /* OpenGL.framework */ = {isa = PBXFileReference; lastKnownFileType = wrapper.framework; name = OpenGL.framework; path = /System/Library/Frameworks/OpenGL.framework; sourceTree = "<absolute>"; };
		689F33E90E6199BD00E37E9F /* GLUT.framework */ = {isa = PBXFileReference; lastKnownFileType = wrapper.framework; name = GLUT.framework; path = /System/Library/Frameworks/GLUT.framework; sourceTree = "<absolute>"; };
		68C80AE10FE3E41D0090D1E5 /* utils */ = {isa = PBXFileReference; lastKnownFileType = folder; name = utils; path = ../utils; sourceTree = SOURCE_ROOT; };
		68C96CE611933EA800CE9C5C /* splash_nb.png */ = {isa = PBXFileReference; lastKnownFileType = image.png; name = splash_nb.png; path = resources/splash_nb.png; sourceTree = "<group>"; };
		68D349AD1209885C008E9DD6 /* core */ = {isa = PBXFileReference; lastKnownFileType = folder; name = core; path = ../core; sourceTree = SOURCE_ROOT; };
		68D349BC12098879008E9DD6 /* importers */ = {isa = PBXFileReference; lastKnownFileType = folder; name = importers; path = ../importers; sourceTree = SOURCE_ROOT; };
		68D349CF12098883008E9DD6 /* apps */ = {isa = PBXFileReference; lastKnownFileType = folder; name = apps; path = ../apps; sourceTree = SOURCE_ROOT; };
		68D34A01120988C0008E9DD6 /* plugins */ = {isa = PBXFileReference; lastKnownFileType = folder; name = plugins; path = ../plugins; sourceTree = SOURCE_ROOT; };
		68D34A0F120988D0008E9DD6 /* pythonmodules */ = {isa = PBXFileReference; lastKnownFileType = folder; name = pythonmodules; path = ../pythonmodules; sourceTree = SOURCE_ROOT; };
		68D8631C0FA5D1810097F73F /* SDLMain.mm */ = {isa = PBXFileReference; fileEncoding = 4; lastKnownFileType = sourcecode.cpp.objcpp; name = SDLMain.mm; path = src/SDLMain.mm; sourceTree = "<group>"; };
		68D8631E0FA5D1880097F73F /* SDLMain.h */ = {isa = PBXFileReference; fileEncoding = 4; lastKnownFileType = sourcecode.c.h; name = SDLMain.h; path = include/SDLMain.h; sourceTree = "<group>"; };
		68DFFDA40FC1F059009CA434 /* data */ = {isa = PBXFileReference; includeInIndex = 0; lastKnownFileType = folder; name = data; path = ../data; sourceTree = SOURCE_ROOT; };
		68E53135118C2EAC0077AF3A /* arial_0_trans.png */ = {isa = PBXFileReference; lastKnownFileType = image.png; name = arial_0_trans.png; path = resources/arial_0_trans.png; sourceTree = "<group>"; };
		68E6B39E1036B40300BAA9F5 /* Acknowledgments.rtf */ = {isa = PBXFileReference; lastKnownFileType = text.rtf; name = Acknowledgments.rtf; path = resources/Acknowledgments.rtf; sourceTree = "<group>"; };
		68E6B3DA1036C9B100BAA9F5 /* AppPreferences.h */ = {isa = PBXFileReference; fileEncoding = 4; lastKnownFileType = sourcecode.c.h; name = AppPreferences.h; path = include/AppPreferences.h; sourceTree = "<group>"; };
		68E6B3DB1036C9B100BAA9F5 /* AppPreferences.mm */ = {isa = PBXFileReference; fileEncoding = 4; lastKnownFileType = sourcecode.cpp.objcpp; name = AppPreferences.mm; path = src/AppPreferences.mm; sourceTree = "<group>"; };
		68E6B8AF1038175A00BAA9F5 /* UpdatePreferences.tiff */ = {isa = PBXFileReference; lastKnownFileType = image.tiff; name = UpdatePreferences.tiff; path = resources/icons/UpdatePreferences.tiff; sourceTree = "<group>"; };
		68E6B8DE103820F500BAA9F5 /* UpdatePreferences.xib */ = {isa = PBXFileReference; lastKnownFileType = file.xib; name = UpdatePreferences.xib; path = resources/UpdatePreferences.xib; sourceTree = "<group>"; };
		68E6B8E2103821B500BAA9F5 /* UpdatePreferences.h */ = {isa = PBXFileReference; fileEncoding = 4; lastKnownFileType = sourcecode.c.h; name = UpdatePreferences.h; path = include/UpdatePreferences.h; sourceTree = "<group>"; };
		68E6B8E3103821B500BAA9F5 /* UpdatePreferences.mm */ = {isa = PBXFileReference; fileEncoding = 4; lastKnownFileType = sourcecode.cpp.objcpp; name = UpdatePreferences.mm; path = src/UpdatePreferences.mm; sourceTree = "<group>"; };
		68E6B8EB10383F5400BAA9F5 /* NSPreferences.h */ = {isa = PBXFileReference; fileEncoding = 4; lastKnownFileType = sourcecode.c.h; name = NSPreferences.h; path = include/NSPreferences.h; sourceTree = "<group>"; };
		68E6B8EC10383F7B00BAA9F5 /* NSPreferencesModule.h */ = {isa = PBXFileReference; fileEncoding = 4; lastKnownFileType = sourcecode.c.h; name = NSPreferencesModule.h; path = include/NSPreferencesModule.h; sourceTree = "<group>"; };
		68E6BA1510384AF100BAA9F5 /* English */ = {isa = PBXFileReference; fileEncoding = 10; lastKnownFileType = text.plist.strings; name = English; path = resources/English.lproj/Localizable.strings; sourceTree = "<group>"; };
		68E6BB1610395A4D00BAA9F5 /* GeneralPreferences.h */ = {isa = PBXFileReference; fileEncoding = 4; lastKnownFileType = sourcecode.c.h; name = GeneralPreferences.h; path = include/GeneralPreferences.h; sourceTree = "<group>"; };
		68E6BB1710395A6600BAA9F5 /* GeneralPreferences.mm */ = {isa = PBXFileReference; fileEncoding = 4; lastKnownFileType = sourcecode.cpp.objcpp; name = GeneralPreferences.mm; path = src/GeneralPreferences.mm; sourceTree = "<group>"; };
		68E6BB1B10395B2C00BAA9F5 /* GeneralPreferences.tiff */ = {isa = PBXFileReference; lastKnownFileType = image.tiff; name = GeneralPreferences.tiff; path = resources/icons/GeneralPreferences.tiff; sourceTree = "<group>"; };
		68E6BB461039619700BAA9F5 /* GeneralPreferences.xib */ = {isa = PBXFileReference; lastKnownFileType = file.xib; name = GeneralPreferences.xib; path = resources/GeneralPreferences.xib; sourceTree = "<group>"; };
		68E6BBBB1039732800BAA9F5 /* folder.tiff */ = {isa = PBXFileReference; lastKnownFileType = image.tiff; name = folder.tiff; path = resources/icons/folder.tiff; sourceTree = "<group>"; };
		68E6C076103B1E2500BAA9F5 /* SDL.framework */ = {isa = PBXFileReference; lastKnownFileType = wrapper.framework; name = SDL.framework; path = frameworks/SDL.framework; sourceTree = SOURCE_ROOT; };
		68EA2BAC0FC836D50052A87E /* NSFont_OpenGL.h */ = {isa = PBXFileReference; fileEncoding = 4; lastKnownFileType = sourcecode.c.h; name = NSFont_OpenGL.h; path = include/NSFont_OpenGL.h; sourceTree = "<group>"; };
		68EA2BAD0FC836DB0052A87E /* NSFont_OpenGL.m */ = {isa = PBXFileReference; fileEncoding = 4; lastKnownFileType = sourcecode.c.objc; name = NSFont_OpenGL.m; path = src/NSFont_OpenGL.m; sourceTree = "<group>"; };
		68EF10D313D97A590000AAD3 /* OSXTools.mm */ = {isa = PBXFileReference; fileEncoding = 4; lastKnownFileType = sourcecode.cpp.objcpp; name = OSXTools.mm; path = src/OSXTools.mm; sourceTree = "<group>"; };
		68F6D3F50E640E6A00D27961 /* AppIcon.psd */ = {isa = PBXFileReference; lastKnownFileType = file; name = AppIcon.psd; path = resources/AppIcon.psd; sourceTree = "<group>"; };
		68F6D3F60E640E6A00D27961 /* AppIcon.icns */ = {isa = PBXFileReference; lastKnownFileType = image.icns; name = AppIcon.icns; path = resources/AppIcon.icns; sourceTree = "<group>"; };
		68FAB543140C1FA400C1B9A1 /* ubuntu_0_trans.png */ = {isa = PBXFileReference; lastKnownFileType = image.png; name = ubuntu_0_trans.png; path = resources/ubuntu_0_trans.png; sourceTree = "<group>"; };
		68FAB544140C1FA400C1B9A1 /* courier_0_trans.png */ = {isa = PBXFileReference; lastKnownFileType = image.png; name = courier_0_trans.png; path = resources/courier_0_trans.png; sourceTree = "<group>"; };
		68FAB545140C1FA400C1B9A1 /* verdana_0_trans.png */ = {isa = PBXFileReference; lastKnownFileType = image.png; name = verdana_0_trans.png; path = resources/verdana_0_trans.png; sourceTree = "<group>"; };
		8D1107320486CEB800E47090 /* MakeHuman.app */ = {isa = PBXFileReference; explicitFileType = wrapper.application; includeInIndex = 0; path = MakeHuman.app; sourceTree = BUILT_PRODUCTS_DIR; };
/* End PBXFileReference section */

/* Begin PBXFrameworksBuildPhase section */
		6850793F13AE1C06004C0164 /* Frameworks */ = {
			isa = PBXFrameworksBuildPhase;
			buildActionMask = 2147483647;
			files = (
				6850794613AE1C1E004C0164 /* Accelerate.framework in Frameworks */,
				6850794C13AE1C2C004C0164 /* Python.framework in Frameworks */,
			);
			runOnlyForDeploymentPostprocessing = 0;
		};
		685701AA1001D77F00F9C649 /* Frameworks */ = {
			isa = PBXFrameworksBuildPhase;
			buildActionMask = 2147483647;
			files = (
				685702011001D7EF00F9C649 /* Cocoa.framework in Frameworks */,
				685702021001D7EF00F9C649 /* Python.framework in Frameworks */,
				685702031001D7EF00F9C649 /* OpenGL.framework in Frameworks */,
				685702041001D7EF00F9C649 /* GLUT.framework in Frameworks */,
				685702051001D7EF00F9C649 /* SDL_image.framework in Frameworks */,
			);
			runOnlyForDeploymentPostprocessing = 0;
		};
		6857022510031DA200F9C649 /* Frameworks */ = {
			isa = PBXFrameworksBuildPhase;
			buildActionMask = 2147483647;
			files = (
				68570267100320B500F9C649 /* SDL_image.framework in Frameworks */,
				6857023010031E0400F9C649 /* Cocoa.framework in Frameworks */,
				6857023110031E1C00F9C649 /* GLUT.framework in Frameworks */,
				6857023210031E1C00F9C649 /* OpenGL.framework in Frameworks */,
				6857023310031E1C00F9C649 /* Python.framework in Frameworks */,
				6869C0DF10322A0400DF62C3 /* Sparkle.framework in Frameworks */,
			);
			runOnlyForDeploymentPostprocessing = 0;
		};
		8D11072E0486CEB800E47090 /* Frameworks */ = {
			isa = PBXFrameworksBuildPhase;
			buildActionMask = 2147483647;
			files = (
				680EAADA11A4394300DDEFEB /* glew.framework in Frameworks */,
				8D11072F0486CEB800E47090 /* Cocoa.framework in Frameworks */,
				689F33E60E61999C00E37E9F /* Python.framework in Frameworks */,
				689F33E80E6199B000E37E9F /* OpenGL.framework in Frameworks */,
				689F33EA0E6199BD00E37E9F /* GLUT.framework in Frameworks */,
				6894C4E20FA188D000A52097 /* SDL_image.framework in Frameworks */,
				6869C0DE10322A0400DF62C3 /* Sparkle.framework in Frameworks */,
				68E6C077103B1E2500BAA9F5 /* SDL.framework in Frameworks */,
			);
			runOnlyForDeploymentPostprocessing = 0;
		};
/* End PBXFrameworksBuildPhase section */

/* Begin PBXGroup section */
		080E96DDFE201D6D7F000001 /* Main */ = {
			isa = PBXGroup;
			children = (
				689F332D0E6193B000E37E9F /* main.c */,
				687F1240132D321A003F3B2B /* linalg_module.c */,
				687F1244132D3232003F3B2B /* arraybuffer.h */,
				687F122C132D3205003F3B2B /* arraybuffer.c */,
				6857012F1000EE8000F9C649 /* core.h */,
				689F332A0E6193B000E37E9F /* core.c */,
				689F332B0E6193B000E37E9F /* glmodule.c */,
				685701301000EE8000F9C649 /* glmodule.h */,
			);
			name = Main;
			sourceTree = "<group>";
		};
		1058C7A0FEA54F0111CA2CBB /* Linked Frameworks */ = {
			isa = PBXGroup;
			children = (
				6850794513AE1C1E004C0164 /* Accelerate.framework */,
				6850794B13AE1C2C004C0164 /* Python.framework */,
				1058C7A1FEA54F0111CA2CBB /* Cocoa.framework */,
			);
			name = "Linked Frameworks";
			sourceTree = "<group>";
		};
		1058C7A2FEA54F0111CA2CBB /* Other Frameworks */ = {
			isa = PBXGroup;
			children = (
				680EA9CE11A432B000DDEFEB /* glew.framework */,
				6869C0DD10322A0400DF62C3 /* Sparkle.framework */,
				68E6C076103B1E2500BAA9F5 /* SDL.framework */,
				6894C4E10FA188D000A52097 /* SDL_image.framework */,
				29B97324FDCFA39411CA2CEA /* AppKit.framework */,
				689F33E90E6199BD00E37E9F /* GLUT.framework */,
				689F33E70E6199B000E37E9F /* OpenGL.framework */,
				689F33E50E61999C00E37E9F /* Python.framework */,
				13E42FB307B3F0F600E4EEF1 /* CoreData.framework */,
				29B97325FDCFA39411CA2CEA /* Foundation.framework */,
			);
			name = "Other Frameworks";
			sourceTree = "<group>";
		};
		19C28FACFE9D520D11CA2CBB /* Products */ = {
			isa = PBXGroup;
			children = (
				8D1107320486CEB800E47090 /* MakeHuman.app */,
				685701AC1001D77F00F9C649 /* libMakeHumanDLib.dylib */,
				6857022710031DA200F9C649 /* MakeHuman.framework */,
				6850794113AE1C06004C0164 /* linalg_module.so */,
			);
			name = Products;
			sourceTree = "<group>";
		};
		29B97314FDCFA39411CA2CEA /* MHPhoenix */ = {
			isa = PBXGroup;
			children = (
				29B97315FDCFA39411CA2CEA /* C-Sources */,
				686FD6FB0FC06D98006C12DA /* Python */,
				29B97317FDCFA39411CA2CEA /* Resources */,
				29B97323FDCFA39411CA2CEA /* Frameworks */,
				19C28FACFE9D520D11CA2CBB /* Products */,
				68D349CF12098883008E9DD6 /* apps */,
				68DFFDA40FC1F059009CA434 /* data */,
				68C80AE10FE3E41D0090D1E5 /* utils */,
				684E6D340FEE34E600941536 /* docs */,
			);
			name = MHPhoenix;
			sourceTree = "<group>";
		};
		29B97315FDCFA39411CA2CEA /* C-Sources */ = {
			isa = PBXGroup;
			children = (
				684E6D210FEE32BD00941536 /* OS-X */,
				080E96DDFE201D6D7F000001 /* Main */,
				686E5D380FA1AB5F005B137C /* sdlwrapper */,
				686E5D340FA1AB4B005B137C /* pythonwrapper */,
			);
			name = "C-Sources";
			sourceTree = "<group>";
		};
		29B97317FDCFA39411CA2CEA /* Resources */ = {
			isa = PBXGroup;
			children = (
				68C96CE611933EA800CE9C5C /* splash_nb.png */,
				68E6BA5210384D4400BAA9F5 /* Non Exported */,
				68E6B88A1038137F00BAA9F5 /* icons */,
				6869C0F510322C2800DF62C3 /* key */,
				6859C28010178958000E212C /* SDLMain.xib */,
				68FAB54A140C1FBF00C1B9A1 /* patched fonts */,
				68E6BB461039619700BAA9F5 /* GeneralPreferences.xib */,
				68E6B8DE103820F500BAA9F5 /* UpdatePreferences.xib */,
				68061C9B0FC136AB006C372E /* data */,
				68F6D3F60E640E6A00D27961 /* AppIcon.icns */,
				683926C212A3DC1400008F37 /* AppIcon_nb.icns */,
				6839A7AD10179EFF008AF603 /* HelpLinks.strings */,
				689F33190E6192CB00E37E9F /* InfoPlist.strings */,
				689F331D0E6192CB00E37E9F /* Info.plist */,
				686CEBB512A3D4F500F4324D /* Info_nb.plist */,
				6857022810031DA200F9C649 /* MakeHumanFramework-Info.plist */,
				68E6BA1410384AF100BAA9F5 /* Localizable.strings */,
			);
			name = Resources;
			sourceTree = "<group>";
		};
		29B97323FDCFA39411CA2CEA /* Frameworks */ = {
			isa = PBXGroup;
			children = (
				1058C7A0FEA54F0111CA2CBB /* Linked Frameworks */,
				1058C7A2FEA54F0111CA2CBB /* Other Frameworks */,
			);
			name = Frameworks;
			sourceTree = "<group>";
		};
		684E6D210FEE32BD00941536 /* OS-X */ = {
			isa = PBXGroup;
			children = (
				68E6B9721038439B00BAA9F5 /* Preferences */,
				68225FA813DC5C7C0021F48A /* TextureCache.h */,
				68225FA913DC5C830021F48A /* TextureCache.cpp */,
				685D0DED0FA1E13E0065AFB5 /* MakeHuman_Prefix.pch */,
				687236BC0FF7F8D30048ED40 /* OSXTools.h */,
				68EF10D313D97A590000AAD3 /* OSXTools.mm */,
				68EA2BAC0FC836D50052A87E /* NSFont_OpenGL.h */,
				68EA2BAD0FC836DB0052A87E /* NSFont_OpenGL.m */,
				68D8631E0FA5D1880097F73F /* SDLMain.h */,
				68D8631C0FA5D1810097F73F /* SDLMain.mm */,
			);
			name = "OS-X";
			sourceTree = "<group>";
		};
		6869C0F510322C2800DF62C3 /* key */ = {
			isa = PBXGroup;
			children = (
				6869C0F810322D1100DF62C3 /* dsa_pub.pem */,
			);
			name = key;
			sourceTree = "<group>";
		};
		686FD6FB0FC06D98006C12DA /* Python */ = {
			isa = PBXGroup;
			children = (
				6842240A1273573F007177E4 /* shared */,
				684223F1127355DC007177E4 /* apps */,
				68D34A0F120988D0008E9DD6 /* pythonmodules */,
				68D34A01120988C0008E9DD6 /* plugins */,
				68D349BC12098879008E9DD6 /* importers */,
				68D349AD1209885C008E9DD6 /* core */,
				686FD6FC0FC06DA4006C12DA /* main.py */,
			);
			name = Python;
			sourceTree = "<group>";
		};
		68E6B88A1038137F00BAA9F5 /* icons */ = {
			isa = PBXGroup;
			children = (
				68E6BBBB1039732800BAA9F5 /* folder.tiff */,
				68E6BB1B10395B2C00BAA9F5 /* GeneralPreferences.tiff */,
				68E6B8AF1038175A00BAA9F5 /* UpdatePreferences.tiff */,
			);
			name = icons;
			sourceTree = "<group>";
		};
		68E6B9721038439B00BAA9F5 /* Preferences */ = {
			isa = PBXGroup;
			children = (
				68E6BB1610395A4D00BAA9F5 /* GeneralPreferences.h */,
				68E6BB1710395A6600BAA9F5 /* GeneralPreferences.mm */,
				68E6B8E2103821B500BAA9F5 /* UpdatePreferences.h */,
				68E6B8E3103821B500BAA9F5 /* UpdatePreferences.mm */,
				68E6B8EB10383F5400BAA9F5 /* NSPreferences.h */,
				68E6B8EC10383F7B00BAA9F5 /* NSPreferencesModule.h */,
				68E6B3DB1036C9B100BAA9F5 /* AppPreferences.mm */,
				68E6B3DA1036C9B100BAA9F5 /* AppPreferences.h */,
			);
			name = Preferences;
			sourceTree = "<group>";
		};
		68E6BA5210384D4400BAA9F5 /* Non Exported */ = {
			isa = PBXGroup;
			children = (
				6869C127103305C500DF62C3 /* About.pages */,
				68F6D3F50E640E6A00D27961 /* AppIcon.psd */,
				68E6B39E1036B40300BAA9F5 /* Acknowledgments.rtf */,
			);
			name = "Non Exported";
			sourceTree = "<group>";
		};
		68FAB54A140C1FBF00C1B9A1 /* patched fonts */ = {
			isa = PBXGroup;
			children = (
				68E53135118C2EAC0077AF3A /* arial_0_trans.png */,
				68FAB543140C1FA400C1B9A1 /* ubuntu_0_trans.png */,
				68FAB544140C1FA400C1B9A1 /* courier_0_trans.png */,
				68FAB545140C1FA400C1B9A1 /* verdana_0_trans.png */,
			);
			name = "patched fonts";
			sourceTree = "<group>";
		};
/* End PBXGroup section */

/* Begin PBXHeadersBuildPhase section */
		6850793D13AE1C06004C0164 /* Headers */ = {
			isa = PBXHeadersBuildPhase;
			buildActionMask = 2147483647;
			files = (
			);
			runOnlyForDeploymentPostprocessing = 0;
		};
		685701A81001D77F00F9C649 /* Headers */ = {
			isa = PBXHeadersBuildPhase;
			buildActionMask = 2147483647;
			files = (
				687F1246132D3232003F3B2B /* arraybuffer.h in Headers */,
			);
			runOnlyForDeploymentPostprocessing = 0;
		};
		6857022210031DA200F9C649 /* Headers */ = {
			isa = PBXHeadersBuildPhase;
			buildActionMask = 2147483647;
			files = (
				68570292100322C400F9C649 /* glmodule.h in Headers */,
				68570293100322CB00F9C649 /* core.h in Headers */,
				687F1245132D3232003F3B2B /* arraybuffer.h in Headers */,
			);
			runOnlyForDeploymentPostprocessing = 0;
		};
/* End PBXHeadersBuildPhase section */

/* Begin PBXNativeTarget section */
		6850794013AE1C06004C0164 /* linalg_module */ = {
			isa = PBXNativeTarget;
			buildConfigurationList = 6850794A13AE1C1F004C0164 /* Build configuration list for PBXNativeTarget "linalg_module" */;
			buildPhases = (
				6850793D13AE1C06004C0164 /* Headers */,
				6850793E13AE1C06004C0164 /* Sources */,
				6850793F13AE1C06004C0164 /* Frameworks */,
			);
			buildRules = (
			);
			dependencies = (
			);
			name = linalg_module;
			productName = linalg_module;
			productReference = 6850794113AE1C06004C0164 /* linalg_module.so */;
			productType = "com.apple.product-type.library.dynamic";
		};
		685701AB1001D77F00F9C649 /* MakeHumanDLib */ = {
			isa = PBXNativeTarget;
			buildConfigurationList = 685702001001D7EA00F9C649 /* Build configuration list for PBXNativeTarget "MakeHumanDLib" */;
			buildPhases = (
				685701A81001D77F00F9C649 /* Headers */,
				685701A91001D77F00F9C649 /* Sources */,
				685701AA1001D77F00F9C649 /* Frameworks */,
			);
			buildRules = (
			);
			dependencies = (
			);
			name = MakeHumanDLib;
			productName = MakeHumanDLib;
			productReference = 685701AC1001D77F00F9C649 /* libMakeHumanDLib.dylib */;
			productType = "com.apple.product-type.library.dynamic";
		};
		6857022610031DA200F9C649 /* MakeHumanFramework */ = {
			isa = PBXNativeTarget;
			buildConfigurationList = 6857022B10031DA200F9C649 /* Build configuration list for PBXNativeTarget "MakeHumanFramework" */;
			buildPhases = (
				6857022210031DA200F9C649 /* Headers */,
				6857024B10031F4400F9C649 /* Copy Frameworks */,
				6857022310031DA200F9C649 /* Resources */,
				6857022410031DA200F9C649 /* Sources */,
				6857022510031DA200F9C649 /* Frameworks */,
			);
			buildRules = (
			);
			dependencies = (
			);
			name = MakeHumanFramework;
			productName = MakeHumanFramework;
			productReference = 6857022710031DA200F9C649 /* MakeHuman.framework */;
			productType = "com.apple.product-type.framework";
		};
		8D1107260486CEB800E47090 /* MakeHuman */ = {
			isa = PBXNativeTarget;
			buildConfigurationList = C01FCF4A08A954540054247B /* Build configuration list for PBXNativeTarget "MakeHuman" */;
			buildPhases = (
				6894C51A0FA1895B00A52097 /* Copy Frameworks */,
				8D1107290486CEB800E47090 /* Resources */,
				8D11072C0486CEB800E47090 /* Sources */,
				8D11072E0486CEB800E47090 /* Frameworks */,
				687749711131B2E900749410 /* Create Docs */,
				68F6D3510E63F23400D27961 /* Copy Resources Script */,
				6869C1771034134B00DF62C3 /* Post Release build script */,
			);
			buildRules = (
			);
			dependencies = (
				680FD56F13B10BB9005556B5 /* PBXTargetDependency */,
			);
			name = MakeHuman;
			productInstallPath = "$(HOME)/Applications";
			productName = MHPhoenix;
			productReference = 8D1107320486CEB800E47090 /* MakeHuman.app */;
			productType = "com.apple.product-type.application";
		};
/* End PBXNativeTarget section */

/* Begin PBXProject section */
		29B97313FDCFA39411CA2CEA /* Project object */ = {
			isa = PBXProject;
			attributes = {
				ORGANIZATIONNAME = MakeHuman;
			};
			buildConfigurationList = C01FCF4E08A954540054247B /* Build configuration list for PBXProject "MakeHuman" */;
			compatibilityVersion = "Xcode 2.4";
			hasScannedForEncodings = 1;
			knownRegions = (
				English,
				Japanese,
				French,
				German,
			);
			mainGroup = 29B97314FDCFA39411CA2CEA /* MHPhoenix */;
			projectDirPath = "";
			projectRoot = "";
			targets = (
				8D1107260486CEB800E47090 /* MakeHuman */,
				685701AB1001D77F00F9C649 /* MakeHumanDLib */,
				6857022610031DA200F9C649 /* MakeHumanFramework */,
				6850794013AE1C06004C0164 /* linalg_module */,
			);
		};
/* End PBXProject section */

/* Begin PBXResourcesBuildPhase section */
		6857022310031DA200F9C649 /* Resources */ = {
			isa = PBXResourcesBuildPhase;
			buildActionMask = 2147483647;
			files = (
				6869C0FA10322D1100DF62C3 /* dsa_pub.pem in Resources */,
				68D349BB1209885C008E9DD6 /* core in Resources */,
				68D349CE12098879008E9DD6 /* importers in Resources */,
				68D349FA12098883008E9DD6 /* apps in Resources */,
				68D34A0E120988C0008E9DD6 /* plugins in Resources */,
				68D34A29120988D0008E9DD6 /* pythonmodules in Resources */,
			);
			runOnlyForDeploymentPostprocessing = 0;
		};
		8D1107290486CEB800E47090 /* Resources */ = {
			isa = PBXResourcesBuildPhase;
			buildActionMask = 2147483647;
			files = (
				68E6BBBC1039732800BAA9F5 /* folder.tiff in Resources */,
				6839A7AF10179EFF008AF603 /* HelpLinks.strings in Resources */,
				689F331E0E6192CB00E37E9F /* InfoPlist.strings in Resources */,
				68F6D3F80E640E6A00D27961 /* AppIcon.icns in Resources */,
				6806287A0FC136C9006C372E /* data in Resources */,
				6859C28110178958000E212C /* SDLMain.xib in Resources */,
				6869C0F910322D1100DF62C3 /* dsa_pub.pem in Resources */,
				68E6B8B01038175A00BAA9F5 /* UpdatePreferences.tiff in Resources */,
				68E6B8DF103820F500BAA9F5 /* UpdatePreferences.xib in Resources */,
				68E6BA1610384AF100BAA9F5 /* Localizable.strings in Resources */,
				68E6BB1C10395B2C00BAA9F5 /* GeneralPreferences.tiff in Resources */,
				68E6BB471039619700BAA9F5 /* GeneralPreferences.xib in Resources */,
				68E53136118C2EAC0077AF3A /* arial_0_trans.png in Resources */,
				68C96CE711933EA800CE9C5C /* splash_nb.png in Resources */,
				68D349F912098883008E9DD6 /* apps in Resources */,
				686CEBB612A3D4F500F4324D /* Info_nb.plist in Resources */,
				683926C312A3DC1400008F37 /* AppIcon_nb.icns in Resources */,
				68FAB546140C1FA400C1B9A1 /* ubuntu_0_trans.png in Resources */,
				68FAB547140C1FA400C1B9A1 /* courier_0_trans.png in Resources */,
				68FAB548140C1FA400C1B9A1 /* verdana_0_trans.png in Resources */,
			);
			runOnlyForDeploymentPostprocessing = 0;
		};
/* End PBXResourcesBuildPhase section */

/* Begin PBXShellScriptBuildPhase section */
		6869C1771034134B00DF62C3 /* Post Release build script */ = {
			isa = PBXShellScriptBuildPhase;
			buildActionMask = 2147483647;
			files = (
			);
			inputPaths = (
			);
			name = "Post Release build script";
			outputPaths = (
			);
			runOnlyForDeploymentPostprocessing = 0;
			shellPath = /bin/bash;
			shellScript = "set -o errexit\n\nif [ ${USER} == \"hdusel\" ] && [ ${BUILD_STYLE} == \"Release\" ]; then \n\n    echo \"Executing post release build actions...\"\n\n    VERSION=$(defaults read \"$BUILT_PRODUCTS_DIR/$PROJECT_NAME.app/Contents/Info\" CFBundleVersion)\n    SHORTVERSION=$(defaults read \"$BUILT_PRODUCTS_DIR/$PROJECT_NAME.app/Contents/Info\" CFBundleShortVersionString)\n    DOWNLOAD_BASE_URL=\"http://makehuman.googlecode.com/files\"\n    RELEASENOTES_URL=\"http://tangerine-soft.de/rss/appcasts/makehuman/release-notes-version-${SHORTVERSION}.html\"\n    \n    ARCHIVE_FILENAME=\"${PROJECT_NAME}_osx_${SHORTVERSION}.zip\"\n    DOWNLOAD_URL=\"$DOWNLOAD_BASE_URL/$ARCHIVE_FILENAME\"\n    KEYCHAIN_PRIVKEY_NAME=\"Sparkle Private Key 1\"\n    \n    WD=$PWD\n    cd \"$BUILT_PRODUCTS_DIR\"\n    rm -f \"$PROJECT_NAME\"*.zip\n    ditto -ck --keepParent \"$PROJECT_NAME.app\" \"$ARCHIVE_FILENAME\"\n    \n    SIZE=$(stat -f %z \"$ARCHIVE_FILENAME\")\n    PUBDATE=$(date +\"%a, %d %b %G %T %z\")\n#openssl dgst -sha1 -binary < makehuman1-0-0_alpha51_osx.zip | openssl dgst -dss1 -sign <(security find-generic-password -g -s \"Sparkle Private Key 1\" 2>&1 1>/dev/null | perl -pe '($_) = /\"(.+)\"/; s/\\\\012/\\n/g') | openssl enc -base64\n\nSIGNATURE=$(\n\topenssl dgst -sha1 -binary < \"$ARCHIVE_FILENAME\" \\\n\t| openssl dgst -dss1 -sign <(security find-generic-password -g -s \"$KEYCHAIN_PRIVKEY_NAME\" 2>&1 1>/dev/null | perl -pe '($_) = /\"(.+)\"/; s/\\\\012/\\n/g') \\\n\t| openssl enc -base64\n)\n\n[ $SIGNATURE ] || { echo Unable to load signing private key with name \"'$KEYCHAIN_PRIVKEY_NAME'\" from keychain; false; }\n    \ncat >Sparkle_RelInfo.txt <<EOF\n        <item>\n            <title>Version $VERSION</title>\n            <!--<sparkle:releaseNotesLink>$RELEASENOTES_URL</sparkle:releaseNotesLink>-->\n            <pubDate>$PUBDATE</pubDate>\n            <enclosure\n                url=\"$DOWNLOAD_URL\"\n                sparkle:version=\"$VERSION\"\n                sparkle:shortVersionString=\"$SHORTVERSION\"\n                type=\"application/octet-stream\"\n                length=\"$SIZE\"\n                sparkle:dsaSignature=\"$SIGNATURE\"\n            />\n        </item>\nEOF\nfi\n";
			showEnvVarsInLog = 0;
		};
		687749711131B2E900749410 /* Create Docs */ = {
			isa = PBXShellScriptBuildPhase;
			buildActionMask = 2147483647;
			comments = "This script is supposed to crreate all custom documentations e.g. the Docs for mhproto etc.";
			files = (
			);
			inputPaths = (
			);
			name = "Create Docs";
			outputPaths = (
			);
			runOnlyForDeploymentPostprocessing = 0;
			shellPath = /bin/sh;
			shellScript = "# ------------------------------------------------------------------\n# The Basepath of Doxygen\n# ------------------------------------------------------------------\nDOXYGEN_BASE_DIR=\"/Applications/Doxygen.app/Contents/Resources/\"\n\n# Check if Doxygen is installed on this machine...\nif [ -e \"${DOXYGEN_BASE_DIR}/doxygen\" ]; then\n\texport PATH=\"${PATH}:${DOXYGEN_BASE_DIR}\"\n\n    cd \"${PROJECT_DIR}/../docs/\"\n    \"${DOXYGEN_BASE_DIR}/doxygen\" ./configs/doxygen_html_config_osx.txt\nfi\n";
			showEnvVarsInLog = 0;
		};
		68F6D3510E63F23400D27961 /* Copy Resources Script */ = {
			isa = PBXShellScriptBuildPhase;
			buildActionMask = 2147483647;
			files = (
			);
			inputPaths = (
			);
			name = "Copy Resources Script";
			outputPaths = (
			);
			runOnlyForDeploymentPostprocessing = 0;
			shellPath = /bin/bash;
			shellScript = "# This Function copies the files of a given subpath (relative to makehuman) to the\n# Apps resource folder.\ncopyResourceFiles()\n{\n    # Copy the directory 'data' into the Application Folder (Resources/$1)\n    if [ ! -e \"${CONFIGURATION_BUILD_DIR}/${PRODUCT_NAME}.app/Contents/Resources/$1\" ]\n    then\n        mkdir -p \"${CONFIGURATION_BUILD_DIR}/${PRODUCT_NAME}.app/Contents/Resources/$1\"\n        cp -rf \"${PROJECT_DIR}/../$1\" \"${CONFIGURATION_BUILD_DIR}/${PRODUCT_NAME}.app/Contents/Resources/\"\n        cd \"${CONFIGURATION_BUILD_DIR}/${PRODUCT_NAME}.app/Contents/Resources/$1\"\n        find . -name \"Makefile*\" -delete\n        find . -name \"*.zip\" -delete\n        find . -name \"empty.txt\" -delete\n        find . -name \".svn\" -type d | xargs rm -rf\n        find . -name \"CVS\" -type d | xargs rm -rf\n        find . -name \"*.pyc\" -delete\n    fi\n}\n\ncopyPythonExtension()\n{\n\tcp \"${CONFIGURATION_BUILD_DIR}/$1\" \"${CONFIGURATION_BUILD_DIR}/${PROJECT_NAME}.app/Contents/Resources/$1\"\n}\n\npatchFont()\n{\n\tmv \"${CONFIGURATION_BUILD_DIR}/${PRODUCT_NAME}.app/Contents/Resources/$1_0_trans.png\" \"${CONFIGURATION_BUILD_DIR}/${PRODUCT_NAME}.app/Contents/Resources/data/fonts/$1_0.png\"\n}\n\n# copy python extensions....\ncopyPythonExtension linalg_module.so\n\ncopyResourceFiles data\ncopyResourceFiles plugins\ncopyResourceFiles core\ncopyResourceFiles importers\ncopyResourceFiles utils\n#copyResourceFiles apps\ncopyResourceFiles shared\ncopyResourceFiles backgrounds\n\n# Copy the relevant docs into the Application Folder (Resources/docs)\nif [ ! -e \"${CONFIGURATION_BUILD_DIR}/${PRODUCT_NAME}.app/Contents/Resources/docs\" ]; then\n  mkdir -p \"${CONFIGURATION_BUILD_DIR}/${PRODUCT_NAME}.app/Contents/Resources/docs\"\n  cp ${PROJECT_DIR}/../docs/*.pdf \"${CONFIGURATION_BUILD_DIR}/${PRODUCT_NAME}.app/Contents/Resources/docs/\"\n  cp -r ${PROJECT_DIR}/../docs/mhproto_cdoc \"${CONFIGURATION_BUILD_DIR}/${PRODUCT_NAME}.app/Contents/Resources/docs/\"\n\n  cd \"${CONFIGURATION_BUILD_DIR}/${PRODUCT_NAME}.app/Contents/Resources/docs\"\n  find . -name \"Makefile*\" -delete\n  find . -name \"*.zip\" -delete\n  find . -name \"empty.txt\" -delete\n  find . -name \".svn\" -type d | xargs rm -rf\n  find . -name \"CVS\" -type d | xargs rm -rf\n  find . -name \"*.pyc\" -delete\nfi\n\ncp -f \"${PROJECT_DIR}/../main.py\" \"${CONFIGURATION_BUILD_DIR}/${PRODUCT_NAME}.app/Contents/Resources/\"\ncp -f \"${PROJECT_DIR}/../proxy.cfg\" \"${CONFIGURATION_BUILD_DIR}/${PRODUCT_NAME}.app/Contents/Resources/\"\n\n# Patch the fonts\npatchFont arial\npatchFont courier\npatchFont verdana\npatchFont ubuntu\n\n# do stuff which is relevant for a nightly build only.\nif [ ${BUILD_STYLE} == \"NightlyBuild\" ]; then \n\tcp -f \"${PROJECT_DIR}/resources/splash_nb.png\" \"${CONFIGURATION_BUILD_DIR}/${PRODUCT_NAME}.app/Contents/Resources/data/themes/default/images/splash.png\"\n\tcp -f \"${PROJECT_DIR}/resources/Info_nb.plist\" \"${CONFIGURATION_BUILD_DIR}/${PRODUCT_NAME}.app/Contents/Resources/Info.plist\"\nfi\n\n# do stuff which is relevant for a release build only.\nif [ ${BUILD_STYLE} == \"Release\" ]; then \n\t# clean up all \"pyc\" files\n\tcd \"${CONFIGURATION_BUILD_DIR}/${PRODUCT_NAME}.app/Contents/Resources\"\n\tfind . -name \"*.pyc\" -delete\n\tfind . -name \".svn\" -type d | xargs rm -rf\n     find . -name \"CVS\" -type d | xargs rm -rf\nfi\n";
			showEnvVarsInLog = 0;
		};
/* End PBXShellScriptBuildPhase section */

/* Begin PBXSourcesBuildPhase section */
		6850793E13AE1C06004C0164 /* Sources */ = {
			isa = PBXSourcesBuildPhase;
			buildActionMask = 2147483647;
			files = (
				6850794E13AE1C4B004C0164 /* linalg_module.c in Sources */,
			);
			runOnlyForDeploymentPostprocessing = 0;
		};
		685701A91001D77F00F9C649 /* Sources */ = {
			isa = PBXSourcesBuildPhase;
			buildActionMask = 2147483647;
			files = (
				685701AF1001D79200F9C649 /* core.c in Sources */,
				685701B01001D79200F9C649 /* glmodule.c in Sources */,
				685701B11001D79200F9C649 /* main.c in Sources */,
				685702111001D8C300F9C649 /* NSFont_OpenGL.m in Sources */,
				687F122F132D3205003F3B2B /* arraybuffer.c in Sources */,
			);
			runOnlyForDeploymentPostprocessing = 0;
		};
		6857022410031DA200F9C649 /* Sources */ = {
			isa = PBXSourcesBuildPhase;
			buildActionMask = 2147483647;
			files = (
				6857022C10031DE300F9C649 /* core.c in Sources */,
				6857022D10031DE300F9C649 /* glmodule.c in Sources */,
				6857022E10031DE300F9C649 /* main.c in Sources */,
				6857022F10031DE300F9C649 /* NSFont_OpenGL.m in Sources */,
				687F122E132D3205003F3B2B /* arraybuffer.c in Sources */,
			);
			runOnlyForDeploymentPostprocessing = 0;
		};
		8D11072C0486CEB800E47090 /* Sources */ = {
			isa = PBXSourcesBuildPhase;
			buildActionMask = 2147483647;
			files = (
				689F332E0E6193B000E37E9F /* core.c in Sources */,
				689F332F0E6193B100E37E9F /* glmodule.c in Sources */,
				689F33310E6193B100E37E9F /* main.c in Sources */,
				68EA2BAE0FC836DB0052A87E /* NSFont_OpenGL.m in Sources */,
				68E6B3DC1036C9B100BAA9F5 /* AppPreferences.mm in Sources */,
				68E6B8E4103821B500BAA9F5 /* UpdatePreferences.mm in Sources */,
				68E6BB1810395A6600BAA9F5 /* GeneralPreferences.mm in Sources */,
				687F122D132D3205003F3B2B /* arraybuffer.c in Sources */,
				68EF10D413D97A590000AAD3 /* OSXTools.mm in Sources */,
				685A147613DB74AE00448578 /* SDLMain.mm in Sources */,
				68225FAA13DC5C830021F48A /* TextureCache.cpp in Sources */,
			);
			runOnlyForDeploymentPostprocessing = 0;
		};
/* End PBXSourcesBuildPhase section */

/* Begin PBXTargetDependency section */
		680FD56F13B10BB9005556B5 /* PBXTargetDependency */ = {
			isa = PBXTargetDependency;
			target = 6850794013AE1C06004C0164 /* linalg_module */;
			targetProxy = 680FD56E13B10BB9005556B5 /* PBXContainerItemProxy */;
		};
/* End PBXTargetDependency section */

/* Begin PBXVariantGroup section */
		6839A7AD10179EFF008AF603 /* HelpLinks.strings */ = {
			isa = PBXVariantGroup;
			children = (
				6839A7AE10179EFF008AF603 /* English */,
			);
			name = HelpLinks.strings;
			sourceTree = "<group>";
		};
		689F33190E6192CB00E37E9F /* InfoPlist.strings */ = {
			isa = PBXVariantGroup;
			children = (
				689F331A0E6192CB00E37E9F /* English */,
			);
			name = InfoPlist.strings;
			path = resources/English.lproj;
			sourceTree = "<group>";
		};
		68E6BA1410384AF100BAA9F5 /* Localizable.strings */ = {
			isa = PBXVariantGroup;
			children = (
				68E6BA1510384AF100BAA9F5 /* English */,
			);
			name = Localizable.strings;
			sourceTree = "<group>";
		};
/* End PBXVariantGroup section */

/* Begin XCBuildConfiguration section */
		6850794213AE1C06004C0164 /* Debug */ = {
			isa = XCBuildConfiguration;
			buildSettings = {
				ALWAYS_SEARCH_USER_PATHS = NO;
				COPY_PHASE_STRIP = NO;
				EXECUTABLE_EXTENSION = so;
				GCC_DYNAMIC_NO_PIC = NO;
				GCC_ENABLE_FIX_AND_CONTINUE = YES;
				GCC_MODEL_TUNING = G5;
				GCC_OPTIMIZATION_LEVEL = 0;
				GCC_PREFIX_HEADER = "";
				INSTALL_PATH = /usr/local/lib;
				ONLY_ACTIVE_ARCH = YES;
				PREBINDING = NO;
				PRODUCT_NAME = linalg_module;
			};
			name = Debug;
		};
		6850794313AE1C06004C0164 /* NightlyBuild */ = {
			isa = XCBuildConfiguration;
			buildSettings = {
				ALWAYS_SEARCH_USER_PATHS = NO;
				EXECUTABLE_EXTENSION = so;
				GCC_ENABLE_FIX_AND_CONTINUE = NO;
				GCC_MODEL_TUNING = G5;
				GCC_PREFIX_HEADER = "";
				GCC_PREPROCESSOR_DEFINITIONS = NIGHT_BUILD;
				INSTALL_PATH = /usr/local/lib;
				PREBINDING = NO;
				PRODUCT_NAME = linalg_module;
			};
			name = NightlyBuild;
		};
		6850794413AE1C06004C0164 /* Release */ = {
			isa = XCBuildConfiguration;
			buildSettings = {
				ALWAYS_SEARCH_USER_PATHS = NO;
				COPY_PHASE_STRIP = YES;
				DEBUG_INFORMATION_FORMAT = "dwarf-with-dsym";
				EXECUTABLE_EXTENSION = so;
				GCC_ENABLE_FIX_AND_CONTINUE = NO;
				GCC_MODEL_TUNING = G5;
				GCC_PREFIX_HEADER = "";
				INSTALL_PATH = /usr/local/lib;
				PREBINDING = NO;
				PRODUCT_NAME = linalg_module;
				ZERO_LINK = NO;
			};
			name = Release;
		};
		685701AD1001D78000F9C649 /* Debug */ = {
			isa = XCBuildConfiguration;
			buildSettings = {
				ALWAYS_SEARCH_USER_PATHS = NO;
				COPY_PHASE_STRIP = NO;
				EXECUTABLE_PREFIX = lib;
				FRAMEWORK_SEARCH_PATHS = (
					"$(inherited)",
					"$(FRAMEWORK_SEARCH_PATHS_QUOTED_FOR_TARGET_1)",
				);
				FRAMEWORK_SEARCH_PATHS_QUOTED_FOR_TARGET_1 = "\"$(SRCROOT)/frameworks\"";
				GCC_DYNAMIC_NO_PIC = NO;
				GCC_ENABLE_FIX_AND_CONTINUE = YES;
				GCC_MODEL_TUNING = G5;
				GCC_OPTIMIZATION_LEVEL = 0;
				GCC_PFE_FILE_C_DIALECTS = "objective-c++";
				GCC_PREPROCESSOR_DEFINITIONS = MAKEHUMAN_AS_MODULE;
				INSTALL_PATH = /usr/local/lib;
				PREBINDING = NO;
				PRODUCT_NAME = MakeHumanDLib;
			};
			name = Debug;
		};
		685701AE1001D78000F9C649 /* Release */ = {
			isa = XCBuildConfiguration;
			buildSettings = {
				ALWAYS_SEARCH_USER_PATHS = NO;
				ARCHS = "$(ARCHS_STANDARD_32_BIT_PRE_XCODE_3_1)";
				ARCHS_STANDARD_32_BIT_PRE_XCODE_3_1 = "ppc i386";
				COPY_PHASE_STRIP = YES;
				DEBUG_INFORMATION_FORMAT = "dwarf-with-dsym";
				EXECUTABLE_PREFIX = lib;
				FRAMEWORK_SEARCH_PATHS = (
					"$(inherited)",
					"$(FRAMEWORK_SEARCH_PATHS_QUOTED_FOR_TARGET_1)",
				);
				FRAMEWORK_SEARCH_PATHS_QUOTED_FOR_TARGET_1 = "\"$(SRCROOT)/frameworks\"";
				GCC_ENABLE_FIX_AND_CONTINUE = NO;
				GCC_MODEL_TUNING = G5;
				GCC_PFE_FILE_C_DIALECTS = "objective-c++";
				GCC_PREPROCESSOR_DEFINITIONS = MAKEHUMAN_AS_MODULE;
				INSTALL_PATH = /usr/local/lib;
				PREBINDING = NO;
				PRODUCT_NAME = MakeHumanDLib;
				ZERO_LINK = NO;
			};
			name = Release;
		};
		6857022910031DA200F9C649 /* Debug */ = {
			isa = XCBuildConfiguration;
			buildSettings = {
				ALWAYS_SEARCH_USER_PATHS = NO;
				COPY_PHASE_STRIP = NO;
				DYLIB_COMPATIBILITY_VERSION = 1;
				DYLIB_CURRENT_VERSION = 1;
				FRAMEWORK_SEARCH_PATHS = (
					"$(inherited)",
					"$(FRAMEWORK_SEARCH_PATHS_QUOTED_FOR_TARGET_1)",
					"$(FRAMEWORK_SEARCH_PATHS_QUOTED_FOR_TARGET_2)",
					"$(FRAMEWORK_SEARCH_PATHS_QUOTED_FOR_TARGET_3)",
				);
				FRAMEWORK_SEARCH_PATHS_QUOTED_FOR_TARGET_1 = "\"$(SRCROOT)/frameworks\"";
				FRAMEWORK_SEARCH_PATHS_QUOTED_FOR_TARGET_2 = "\"$(SRCROOT)/frameworks\"";
				FRAMEWORK_SEARCH_PATHS_QUOTED_FOR_TARGET_3 = "\"$(SRCROOT)/frameworks\"";
				FRAMEWORK_VERSION = A;
				GCC_DYNAMIC_NO_PIC = NO;
				GCC_ENABLE_FIX_AND_CONTINUE = YES;
				GCC_MODEL_TUNING = G5;
				GCC_OPTIMIZATION_LEVEL = 0;
				GCC_PFE_FILE_C_DIALECTS = "objective-c++";
				GCC_PRECOMPILE_PREFIX_HEADER = YES;
				GCC_PREFIX_HEADER = "$(SYSTEM_LIBRARY_DIR)/Frameworks/AppKit.framework/Headers/AppKit.h";
				GCC_PREPROCESSOR_DEFINITIONS = MAKEHUMAN_AS_MODULE;
				INFOPLIST_FILE = "MakeHumanFramework-Info.plist";
				INSTALL_PATH = "$(HOME)/Library/Frameworks";
				OTHER_LDFLAGS = (
					"-framework",
					Foundation,
					"-framework",
					AppKit,
				);
				PREBINDING = NO;
				PRODUCT_NAME = MakeHuman;
			};
			name = Debug;
		};
		6857022A10031DA200F9C649 /* Release */ = {
			isa = XCBuildConfiguration;
			buildSettings = {
				ALWAYS_SEARCH_USER_PATHS = NO;
				ARCHS = "$(ARCHS_STANDARD_32_BIT_PRE_XCODE_3_1)";
				ARCHS_STANDARD_32_BIT_PRE_XCODE_3_1 = "ppc i386";
				COPY_PHASE_STRIP = YES;
				DEBUG_INFORMATION_FORMAT = "dwarf-with-dsym";
				DYLIB_COMPATIBILITY_VERSION = 1;
				DYLIB_CURRENT_VERSION = 1;
				FRAMEWORK_SEARCH_PATHS = (
					"$(inherited)",
					"$(FRAMEWORK_SEARCH_PATHS_QUOTED_FOR_TARGET_1)",
					"$(FRAMEWORK_SEARCH_PATHS_QUOTED_FOR_TARGET_2)",
					"$(FRAMEWORK_SEARCH_PATHS_QUOTED_FOR_TARGET_3)",
				);
				FRAMEWORK_SEARCH_PATHS_QUOTED_FOR_TARGET_1 = "\"$(SRCROOT)/frameworks\"";
				FRAMEWORK_SEARCH_PATHS_QUOTED_FOR_TARGET_2 = "\"$(SRCROOT)/frameworks\"";
				FRAMEWORK_SEARCH_PATHS_QUOTED_FOR_TARGET_3 = "\"$(SRCROOT)/frameworks\"";
				FRAMEWORK_VERSION = A;
				GCC_ENABLE_FIX_AND_CONTINUE = NO;
				GCC_MODEL_TUNING = G5;
				GCC_PFE_FILE_C_DIALECTS = "objective-c++";
				GCC_PRECOMPILE_PREFIX_HEADER = YES;
				GCC_PREFIX_HEADER = "$(SYSTEM_LIBRARY_DIR)/Frameworks/AppKit.framework/Headers/AppKit.h";
				GCC_PREPROCESSOR_DEFINITIONS = MAKEHUMAN_AS_MODULE;
				INFOPLIST_FILE = "MakeHumanFramework-Info.plist";
				INSTALL_PATH = "$(HOME)/Library/Frameworks";
				OTHER_LDFLAGS = (
					"-framework",
					Foundation,
					"-framework",
					AppKit,
				);
				PREBINDING = NO;
				PRODUCT_NAME = MakeHuman;
				ZERO_LINK = NO;
			};
			name = Release;
		};
		686C9AE1116601BE0050C414 /* NightlyBuild */ = {
			isa = XCBuildConfiguration;
			buildSettings = {
				ARCHS = "$(ONLY_ACTIVE_ARCH_PRE_XCODE_3_1)";
				COPY_PHASE_STRIP = NO;
				EXTRA_FRAMEWORK_SEARCH_PATHS = "\"$(SRCROOT)/frameworks\"";
				FRAMEWORK_SEARCH_PATHS = (
					/Library/Frameworks,
					"$(EXTRA_FRAMEWORK_SEARCH_PATHS)",
				);
				GCC_OPTIMIZATION_LEVEL = 0;
				GCC_PREFIX_HEADER = include/MakeHuman_Prefix.pch;
				GCC_PREPROCESSOR_DEFINITIONS = NIGHT_BUILD;
				GCC_VERSION = 4.2;
				GCC_WARN_ABOUT_RETURN_TYPE = YES;
				GCC_WARN_UNUSED_VARIABLE = YES;
				HEADER_SEARCH_PATHS = (
					../include/,
					./include/,
					./include/pythonwrapper/,
					./include/sdlwrapper/,
				);
				ONLY_ACTIVE_ARCH_PRE_XCODE_3_1 = "$(NATIVE_ARCH)";
				OTHER_LDFLAGS = "-lz";
				PREBINDING = NO;
				SDKROOT = /Developer/SDKs/MacOSX10.5.sdk;
				STRINGS_FILE_OUTPUT_ENCODING = "UTF-8";
				VALID_ARCHS = "i386 ppc ppc7400 ppc970";
			};
			name = NightlyBuild;
		};
		686C9AE2116601BE0050C414 /* NightlyBuild */ = {
			isa = XCBuildConfiguration;
			buildSettings = {
				COPY_PHASE_STRIP = NO;
				FRAMEWORK_SEARCH_PATHS = "$(inherited)";
				GCC_DYNAMIC_NO_PIC = NO;
				GCC_ENABLE_CPP_EXCEPTIONS = NO;
				GCC_ENABLE_CPP_RTTI = NO;
				GCC_ENABLE_FIX_AND_CONTINUE = YES;
				GCC_ENABLE_OBJC_EXCEPTIONS = NO;
				GCC_PFE_FILE_C_DIALECTS = "objective-c++";
				GCC_PRECOMPILE_PREFIX_HEADER = YES;
				GCC_WARN_ABOUT_MISSING_PROTOTYPES = YES;
				GCC_WARN_CHECK_SWITCH_STATEMENTS = YES;
				GCC_WARN_EFFECTIVE_CPLUSPLUS_VIOLATIONS = YES;
				GCC_WARN_NON_VIRTUAL_DESTRUCTOR = YES;
				INFOPLIST_FILE = resources/Info_NB.plist;
				INSTALL_PATH = "$(HOME)/Applications";
				ONLY_ACTIVE_ARCH = NO;
				PRODUCT_NAME = MakeHuman;
				WARNING_CFLAGS = "-Wall";
				WRAPPER_EXTENSION = app;
			};
			name = NightlyBuild;
		};
		686C9AE3116601BE0050C414 /* NightlyBuild */ = {
			isa = XCBuildConfiguration;
			buildSettings = {
				ALWAYS_SEARCH_USER_PATHS = NO;
				COPY_PHASE_STRIP = NO;
				EXECUTABLE_PREFIX = lib;
				FRAMEWORK_SEARCH_PATHS = (
					"$(inherited)",
					"$(FRAMEWORK_SEARCH_PATHS_QUOTED_FOR_TARGET_1)",
				);
				FRAMEWORK_SEARCH_PATHS_QUOTED_FOR_TARGET_1 = "\"$(SRCROOT)/frameworks\"";
				GCC_DYNAMIC_NO_PIC = NO;
				GCC_ENABLE_FIX_AND_CONTINUE = YES;
				GCC_MODEL_TUNING = G5;
				GCC_OPTIMIZATION_LEVEL = 0;
				GCC_PFE_FILE_C_DIALECTS = "objective-c++";
				GCC_PREPROCESSOR_DEFINITIONS = MAKEHUMAN_AS_MODULE;
				INSTALL_PATH = /usr/local/lib;
				PREBINDING = NO;
				PRODUCT_NAME = MakeHumanDLib;
			};
			name = NightlyBuild;
		};
		686C9AE4116601BE0050C414 /* NightlyBuild */ = {
			isa = XCBuildConfiguration;
			buildSettings = {
				ALWAYS_SEARCH_USER_PATHS = NO;
				COPY_PHASE_STRIP = NO;
				DYLIB_COMPATIBILITY_VERSION = 1;
				DYLIB_CURRENT_VERSION = 1;
				FRAMEWORK_SEARCH_PATHS = (
					"$(inherited)",
					"$(FRAMEWORK_SEARCH_PATHS_QUOTED_FOR_TARGET_1)",
					"$(FRAMEWORK_SEARCH_PATHS_QUOTED_FOR_TARGET_2)",
					"$(FRAMEWORK_SEARCH_PATHS_QUOTED_FOR_TARGET_3)",
				);
				FRAMEWORK_SEARCH_PATHS_QUOTED_FOR_TARGET_1 = "\"$(SRCROOT)/frameworks\"";
				FRAMEWORK_SEARCH_PATHS_QUOTED_FOR_TARGET_2 = "\"$(SRCROOT)/frameworks\"";
				FRAMEWORK_SEARCH_PATHS_QUOTED_FOR_TARGET_3 = "\"$(SRCROOT)/frameworks\"";
				FRAMEWORK_VERSION = A;
				GCC_DYNAMIC_NO_PIC = NO;
				GCC_ENABLE_FIX_AND_CONTINUE = YES;
				GCC_MODEL_TUNING = G5;
				GCC_OPTIMIZATION_LEVEL = 0;
				GCC_PFE_FILE_C_DIALECTS = "objective-c++";
				GCC_PRECOMPILE_PREFIX_HEADER = YES;
				GCC_PREFIX_HEADER = "$(SYSTEM_LIBRARY_DIR)/Frameworks/AppKit.framework/Headers/AppKit.h";
				GCC_PREPROCESSOR_DEFINITIONS = MAKEHUMAN_AS_MODULE;
				INFOPLIST_FILE = "MakeHumanFramework-Info.plist";
				INSTALL_PATH = "$(HOME)/Library/Frameworks";
				OTHER_LDFLAGS = (
					"-framework",
					Foundation,
					"-framework",
					AppKit,
				);
				PREBINDING = NO;
				PRODUCT_NAME = MakeHuman;
			};
			name = NightlyBuild;
		};
		C01FCF4B08A954540054247B /* Debug */ = {
			isa = XCBuildConfiguration;
			buildSettings = {
				COPY_PHASE_STRIP = NO;
				FRAMEWORK_SEARCH_PATHS = "$(inherited)";
				GCC_DYNAMIC_NO_PIC = NO;
				GCC_ENABLE_CPP_EXCEPTIONS = NO;
				GCC_ENABLE_CPP_RTTI = NO;
				GCC_ENABLE_FIX_AND_CONTINUE = YES;
				GCC_ENABLE_OBJC_EXCEPTIONS = NO;
				GCC_PFE_FILE_C_DIALECTS = "objective-c++";
				GCC_PRECOMPILE_PREFIX_HEADER = YES;
				GCC_VERSION = com.apple.compilers.llvmgcc42;
				GCC_WARN_ABOUT_MISSING_PROTOTYPES = YES;
				GCC_WARN_CHECK_SWITCH_STATEMENTS = YES;
				GCC_WARN_EFFECTIVE_CPLUSPLUS_VIOLATIONS = YES;
				GCC_WARN_NON_VIRTUAL_DESTRUCTOR = YES;
				INFOPLIST_FILE = resources/Info.plist;
				INSTALL_PATH = "$(HOME)/Applications";
				PRODUCT_NAME = MakeHuman;
				WARNING_CFLAGS = "-Wall";
				WRAPPER_EXTENSION = app;
			};
			name = Debug;
		};
		C01FCF4C08A954540054247B /* Release */ = {
			isa = XCBuildConfiguration;
			buildSettings = {
				FRAMEWORK_SEARCH_PATHS = "$(inherited)";
				GCC_ENABLE_CPP_EXCEPTIONS = NO;
				GCC_ENABLE_CPP_RTTI = NO;
				GCC_ENABLE_OBJC_EXCEPTIONS = NO;
				GCC_GENERATE_DEBUGGING_SYMBOLS = NO;
				GCC_PFE_FILE_C_DIALECTS = "objective-c++";
				GCC_PRECOMPILE_PREFIX_HEADER = YES;
				GCC_WARN_ABOUT_MISSING_PROTOTYPES = YES;
				GCC_WARN_CHECK_SWITCH_STATEMENTS = YES;
				GCC_WARN_EFFECTIVE_CPLUSPLUS_VIOLATIONS = YES;
				GCC_WARN_NON_VIRTUAL_DESTRUCTOR = YES;
				INFOPLIST_FILE = resources/Info.plist;
				INSTALL_PATH = "$(HOME)/Applications";
				PREBINDING = YES;
				PRODUCT_NAME = MakeHuman;
				STRIP_INSTALLED_PRODUCT = YES;
				WARNING_CFLAGS = "-Wall";
				WRAPPER_EXTENSION = app;
			};
			name = Release;
		};
		C01FCF4F08A954540054247B /* Debug */ = {
			isa = XCBuildConfiguration;
			buildSettings = {
				ARCHS = "$(ONLY_ACTIVE_ARCH_PRE_XCODE_3_1)";
				COPY_PHASE_STRIP = NO;
				EXTRA_FRAMEWORK_SEARCH_PATHS = "\"$(SRCROOT)/frameworks\"";
				FRAMEWORK_SEARCH_PATHS = (
					/Library/Frameworks,
					"$(EXTRA_FRAMEWORK_SEARCH_PATHS)",
				);
				GCC_ENABLE_FIX_AND_CONTINUE = YES;
				GCC_OPTIMIZATION_LEVEL = 0;
				GCC_PREFIX_HEADER = include/MakeHuman_Prefix.pch;
				GCC_VERSION = 4.2;
				GCC_WARN_ABOUT_RETURN_TYPE = YES;
				GCC_WARN_UNUSED_VARIABLE = YES;
				HEADER_SEARCH_PATHS = (
					../include/,
					./include/,
					./include/pythonwrapper/,
					./include/sdlwrapper/,
				);
				ONLY_ACTIVE_ARCH_PRE_XCODE_3_1 = "$(NATIVE_ARCH)";
				OTHER_LDFLAGS = "-lz";
				PREBINDING = NO;
				SDKROOT = /Developer/SDKs/MacOSX10.5.sdk;
				STRINGS_FILE_OUTPUT_ENCODING = "UTF-8";
				VALID_ARCHS = "i386 ppc ppc7400 ppc970";
			};
			name = Debug;
		};
		C01FCF5008A954540054247B /* Release */ = {
			isa = XCBuildConfiguration;
			buildSettings = {
				ARCHS = "$(ARCHS_STANDARD_32_BIT_PRE_XCODE_3_1)";
				ARCHS_STANDARD_32_BIT_PRE_XCODE_3_1 = "ppc i386";
				COPY_PHASE_STRIP = NO;
				DEAD_CODE_STRIPPING = YES;
				EXTRA_FRAMEWORK_SEARCH_PATHS = "\"$(SRCROOT)/frameworks\"";
				FRAMEWORK_SEARCH_PATHS = "$(EXTRA_FRAMEWORK_SEARCH_PATHS)";
				GCC_PREFIX_HEADER = include/MakeHuman_Prefix.pch;
				GCC_PREPROCESSOR_DEFINITIONS = NDEBUG;
				GCC_VERSION = 4.2;
				GCC_WARN_ABOUT_RETURN_TYPE = YES;
				GCC_WARN_UNUSED_VARIABLE = YES;
				HEADER_SEARCH_PATHS = (
					../include/,
					./include/,
					./include/pythonwrapper/,
					./include/sdlwrapper/,
				);
				OTHER_LDFLAGS = "-lz";
				PREBINDING = NO;
				PRESERVE_DEAD_CODE_INITS_AND_TERMS = YES;
				SDKROOT = /Developer/SDKs/MacOSX10.5.sdk;
				STRINGS_FILE_OUTPUT_ENCODING = "UTF-8";
				VALID_ARCHS = "i386 ppc ppc7400 ppc970";
			};
			name = Release;
		};
/* End XCBuildConfiguration section */

/* Begin XCConfigurationList section */
		6850794A13AE1C1F004C0164 /* Build configuration list for PBXNativeTarget "linalg_module" */ = {
			isa = XCConfigurationList;
			buildConfigurations = (
				6850794213AE1C06004C0164 /* Debug */,
				6850794313AE1C06004C0164 /* NightlyBuild */,
				6850794413AE1C06004C0164 /* Release */,
			);
			defaultConfigurationIsVisible = 0;
			defaultConfigurationName = Release;
		};
		685702001001D7EA00F9C649 /* Build configuration list for PBXNativeTarget "MakeHumanDLib" */ = {
			isa = XCConfigurationList;
			buildConfigurations = (
				685701AD1001D78000F9C649 /* Debug */,
				686C9AE3116601BE0050C414 /* NightlyBuild */,
				685701AE1001D78000F9C649 /* Release */,
			);
			defaultConfigurationIsVisible = 0;
			defaultConfigurationName = Release;
		};
		6857022B10031DA200F9C649 /* Build configuration list for PBXNativeTarget "MakeHumanFramework" */ = {
			isa = XCConfigurationList;
			buildConfigurations = (
				6857022910031DA200F9C649 /* Debug */,
				686C9AE4116601BE0050C414 /* NightlyBuild */,
				6857022A10031DA200F9C649 /* Release */,
			);
			defaultConfigurationIsVisible = 0;
			defaultConfigurationName = Release;
		};
		C01FCF4A08A954540054247B /* Build configuration list for PBXNativeTarget "MakeHuman" */ = {
			isa = XCConfigurationList;
			buildConfigurations = (
				C01FCF4B08A954540054247B /* Debug */,
				686C9AE2116601BE0050C414 /* NightlyBuild */,
				C01FCF4C08A954540054247B /* Release */,
			);
			defaultConfigurationIsVisible = 0;
			defaultConfigurationName = Release;
		};
		C01FCF4E08A954540054247B /* Build configuration list for PBXProject "MakeHuman" */ = {
			isa = XCConfigurationList;
			buildConfigurations = (
				C01FCF4F08A954540054247B /* Debug */,
				686C9AE1116601BE0050C414 /* NightlyBuild */,
				C01FCF5008A954540054247B /* Release */,
			);
			defaultConfigurationIsVisible = 0;
			defaultConfigurationName = Release;
		};
/* End XCConfigurationList section */
	};
	rootObject = 29B97313FDCFA39411CA2CEA /* Project object */;
}
